// !$*UTF8*$!
{
	archiveVersion = 1;
	classes = {
	};
	objectVersion = 51;
	objects = {

/* Begin PBXBuildFile section */
		6612F916FC18BFB2C451E2DC /* Pods_Mobile.framework in Frameworks */ = {isa = PBXBuildFile; fileRef = 48EC3D621A35A18E001F0406 /* Pods_Mobile.framework */; };
		8950EAD5C7E0DA82418E8473 /* Pods_MobileTests.framework in Frameworks */ = {isa = PBXBuildFile; fileRef = F55E1653702CCB3A72657CF6 /* Pods_MobileTests.framework */; };
		D80784682443968D00003892 /* DesignSystem.swift in Sources */ = {isa = PBXBuildFile; fileRef = D80784672443968D00003892 /* DesignSystem.swift */; };
		D807846B24439E4500003892 /* String+Extension.swift in Sources */ = {isa = PBXBuildFile; fileRef = D807846A24439E4500003892 /* String+Extension.swift */; };
		D807847D2444727600003892 /* FiraGO-Light.ttf in Resources */ = {isa = PBXBuildFile; fileRef = D807846D2444727500003892 /* FiraGO-Light.ttf */; };
		D807847E2444727600003892 /* FiraGO-ExtraLight.ttf in Resources */ = {isa = PBXBuildFile; fileRef = D807846E2444727500003892 /* FiraGO-ExtraLight.ttf */; };
		D807847F2444727600003892 /* FiraGO-Four.ttf in Resources */ = {isa = PBXBuildFile; fileRef = D807846F2444727500003892 /* FiraGO-Four.ttf */; };
		D80784802444727600003892 /* FiraGO-Thin.ttf in Resources */ = {isa = PBXBuildFile; fileRef = D80784702444727500003892 /* FiraGO-Thin.ttf */; };
		D80784822444727600003892 /* FiraGO-Two.ttf in Resources */ = {isa = PBXBuildFile; fileRef = D80784722444727500003892 /* FiraGO-Two.ttf */; };
		D80784832444727600003892 /* FiraGO-Heavy.ttf in Resources */ = {isa = PBXBuildFile; fileRef = D80784732444727500003892 /* FiraGO-Heavy.ttf */; };
		D80784842444727600003892 /* FiraGO-Hair.ttf in Resources */ = {isa = PBXBuildFile; fileRef = D80784742444727500003892 /* FiraGO-Hair.ttf */; };
		D80784852444727600003892 /* FiraGO-SemiBold.ttf in Resources */ = {isa = PBXBuildFile; fileRef = D80784752444727500003892 /* FiraGO-SemiBold.ttf */; };
		D80784862444727600003892 /* FiraGO-Book.ttf in Resources */ = {isa = PBXBuildFile; fileRef = D80784762444727600003892 /* FiraGO-Book.ttf */; };
		D80784872444727600003892 /* FiraGO-Medium.ttf in Resources */ = {isa = PBXBuildFile; fileRef = D80784772444727600003892 /* FiraGO-Medium.ttf */; };
		D80784882444727600003892 /* FiraGO-Eight.ttf in Resources */ = {isa = PBXBuildFile; fileRef = D80784782444727600003892 /* FiraGO-Eight.ttf */; };
		D80784892444727600003892 /* FiraGO-Regular.ttf in Resources */ = {isa = PBXBuildFile; fileRef = D80784792444727600003892 /* FiraGO-Regular.ttf */; };
		D807848A2444727600003892 /* FiraGO-UltraLight.ttf in Resources */ = {isa = PBXBuildFile; fileRef = D807847A2444727600003892 /* FiraGO-UltraLight.ttf */; };
		D807848B2444727600003892 /* FiraGO-ExtraBold.ttf in Resources */ = {isa = PBXBuildFile; fileRef = D807847B2444727600003892 /* FiraGO-ExtraBold.ttf */; };
		D807848C2444727600003892 /* FiraGO-Bold.ttf in Resources */ = {isa = PBXBuildFile; fileRef = D807847C2444727600003892 /* FiraGO-Bold.ttf */; };
		D80784902444727E00003892 /* PantonMtav3-Bold.otf in Resources */ = {isa = PBXBuildFile; fileRef = D807848D2444727E00003892 /* PantonMtav3-Bold.otf */; };
		D80784912444727E00003892 /* PantonMtav3-ExtraBold.otf in Resources */ = {isa = PBXBuildFile; fileRef = D807848E2444727E00003892 /* PantonMtav3-ExtraBold.otf */; };
		D80784922444727E00003892 /* PantonMtav3-Regular.otf in Resources */ = {isa = PBXBuildFile; fileRef = D807848F2444727E00003892 /* PantonMtav3-Regular.otf */; };
		D80784A524447ABF00003892 /* DesignSystemTests.swift in Sources */ = {isa = PBXBuildFile; fileRef = D80784A424447ABF00003892 /* DesignSystemTests.swift */; };
		D809B7D12446FFC4000E861E /* UIViewController+Extension.swift in Sources */ = {isa = PBXBuildFile; fileRef = D809B7D02446FFC4000E861E /* UIViewController+Extension.swift */; };
		D84209832448248D0001ADC1 /* MainTabBarViewModel.swift in Sources */ = {isa = PBXBuildFile; fileRef = D84209822448248C0001ADC1 /* MainTabBarViewModel.swift */; };
		D842098524482BE80001ADC1 /* TabBarButton.swift in Sources */ = {isa = PBXBuildFile; fileRef = D842098424482BE80001ADC1 /* TabBarButton.swift */; };
		D842098924482CE60001ADC1 /* HomeViewControllerFactory.swift in Sources */ = {isa = PBXBuildFile; fileRef = D842098824482CE60001ADC1 /* HomeViewControllerFactory.swift */; };
		D842098B24482D950001ADC1 /* SportsViewControllerFactory.swift in Sources */ = {isa = PBXBuildFile; fileRef = D842098A24482D950001ADC1 /* SportsViewControllerFactory.swift */; };
		D842098D24482DA40001ADC1 /* PromotionsViewControllerFactory.swift in Sources */ = {isa = PBXBuildFile; fileRef = D842098C24482DA40001ADC1 /* PromotionsViewControllerFactory.swift */; };
		D842098F24482DB10001ADC1 /* NotificationsViewControllerFactory.swift in Sources */ = {isa = PBXBuildFile; fileRef = D842098E24482DB10001ADC1 /* NotificationsViewControllerFactory.swift */; };
		D842099124482DC80001ADC1 /* MainTabBarNavigator.swift in Sources */ = {isa = PBXBuildFile; fileRef = D842099024482DC80001ADC1 /* MainTabBarNavigator.swift */; };
		D845BFB92445F93900419A2C /* UIView+Extension.swift in Sources */ = {isa = PBXBuildFile; fileRef = D845BFB82445F93900419A2C /* UIView+Extension.swift */; };
		D85C9BEC2433676700F1D4FE /* AdjarabetCoreClient.swift in Sources */ = {isa = PBXBuildFile; fileRef = D85C9BEB2433675D00F1D4FE /* AdjarabetCoreClient.swift */; };
		D85C9BED2433676700F1D4FE /* AdjarabetCoreClient+AuthenticationService.swift in Sources */ = {isa = PBXBuildFile; fileRef = D85C9BEA2433675D00F1D4FE /* AdjarabetCoreClient+AuthenticationService.swift */; };
		D85C9BEE2433676700F1D4FE /* AdjarabetCoreClient+BalanceManagementServices.swift in Sources */ = {isa = PBXBuildFile; fileRef = D85C9BE92433675D00F1D4FE /* AdjarabetCoreClient+BalanceManagementServices.swift */; };
		D85C9BEF2433676700F1D4FE /* AdjarabetCoreClient+SessionManagementServices.swift in Sources */ = {isa = PBXBuildFile; fileRef = D85C9BE82433675D00F1D4FE /* AdjarabetCoreClient+SessionManagementServices.swift */; };
		D85C9BF12433677100F1D4FE /* AdjarabetCoreRequestBuilder.swift in Sources */ = {isa = PBXBuildFile; fileRef = D85C9BF02433677100F1D4FE /* AdjarabetCoreRequestBuilder.swift */; };
		D85C9BF72433678000F1D4FE /* AdjarabetCoreClientError.swift in Sources */ = {isa = PBXBuildFile; fileRef = D85C9BF22433678000F1D4FE /* AdjarabetCoreClientError.swift */; };
		D85C9BF82433678000F1D4FE /* AdjarabetCoreCodableType.swift in Sources */ = {isa = PBXBuildFile; fileRef = D85C9BF32433678000F1D4FE /* AdjarabetCoreCodableType.swift */; };
		D85C9BF92433678000F1D4FE /* AdjarabetCoreResult.swift in Sources */ = {isa = PBXBuildFile; fileRef = D85C9BF42433678000F1D4FE /* AdjarabetCoreResult.swift */; };
		D85C9BFA2433678000F1D4FE /* AdjarabetCoreStatusCode.swift in Sources */ = {isa = PBXBuildFile; fileRef = D85C9BF52433678000F1D4FE /* AdjarabetCoreStatusCode.swift */; };
		D85C9BFB2433678000F1D4FE /* AdjarabetCoreCodable.swift in Sources */ = {isa = PBXBuildFile; fileRef = D85C9BF62433678000F1D4FE /* AdjarabetCoreCodable.swift */; };
		D85C9BFE243367B800F1D4FE /* AdjarabetCoreServices.swift in Sources */ = {isa = PBXBuildFile; fileRef = D85C9BFD243367B800F1D4FE /* AdjarabetCoreServices.swift */; };
		D85C9C02243367C900F1D4FE /* AdjarabetWebAPIClient+AdjarabetWebAPIUserLoggedInServices.swift in Sources */ = {isa = PBXBuildFile; fileRef = D85C9BFF243367C900F1D4FE /* AdjarabetWebAPIClient+AdjarabetWebAPIUserLoggedInServices.swift */; };
		D85C9C03243367C900F1D4FE /* AdjarabetWebAPIClient.swift in Sources */ = {isa = PBXBuildFile; fileRef = D85C9C00243367C900F1D4FE /* AdjarabetWebAPIClient.swift */; };
		D85C9C06243367D100F1D4FE /* AdjarabetWebAPIClientRequestBuilder.swift in Sources */ = {isa = PBXBuildFile; fileRef = D85C9C05243367D100F1D4FE /* AdjarabetWebAPIClientRequestBuilder.swift */; };
		D85C9C09243367D800F1D4FE /* AdjarabetWebAPICodable.swift in Sources */ = {isa = PBXBuildFile; fileRef = D85C9C07243367D800F1D4FE /* AdjarabetWebAPICodable.swift */; };
		D85C9C0A243367D800F1D4FE /* AdjarabetWebAPIClientError.swift in Sources */ = {isa = PBXBuildFile; fileRef = D85C9C08243367D800F1D4FE /* AdjarabetWebAPIClientError.swift */; };
		D85C9C0C243367DE00F1D4FE /* AdjarabetWebAPIServices.swift in Sources */ = {isa = PBXBuildFile; fileRef = D85C9C0B243367DE00F1D4FE /* AdjarabetWebAPIServices.swift */; };
		D85C9C102433692E00F1D4FE /* AdjarabetEndpoints.swift in Sources */ = {isa = PBXBuildFile; fileRef = D85C9C0F2433692E00F1D4FE /* AdjarabetEndpoints.swift */; };
		D85C9C1224336B4C00F1D4FE /* R.generated.swift in Sources */ = {isa = PBXBuildFile; fileRef = D85C9C1124336B4C00F1D4FE /* R.generated.swift */; };
		D85C9C1724336C0B00F1D4FE /* LoadingButton.swift in Sources */ = {isa = PBXBuildFile; fileRef = D85C9C1624336C0B00F1D4FE /* LoadingButton.swift */; };
		D85C9C1A24336C7100F1D4FE /* KeychainContainer.swift in Sources */ = {isa = PBXBuildFile; fileRef = D85C9C1824336C7100F1D4FE /* KeychainContainer.swift */; };
		D85C9C1B24336C7100F1D4FE /* Biometry.swift in Sources */ = {isa = PBXBuildFile; fileRef = D85C9C1924336C7100F1D4FE /* Biometry.swift */; };
		D85C9C2024336CA400F1D4FE /* UserSessionServices.swift in Sources */ = {isa = PBXBuildFile; fileRef = D85C9C1D24336CA400F1D4FE /* UserSessionServices.swift */; };
		D85C9C2124336CA400F1D4FE /* UserSession.swift in Sources */ = {isa = PBXBuildFile; fileRef = D85C9C1E24336CA400F1D4FE /* UserSession.swift */; };
		D85C9C2224336CA400F1D4FE /* UserSessionCareTaker.swift in Sources */ = {isa = PBXBuildFile; fileRef = D85C9C1F24336CA400F1D4FE /* UserSessionCareTaker.swift */; };
		D85C9C2724336CDD00F1D4FE /* MainTabBarViewController.swift in Sources */ = {isa = PBXBuildFile; fileRef = D85C9C2624336CDD00F1D4FE /* MainTabBarViewController.swift */; };
		D85C9C2C24336CF300F1D4FE /* LoginViewController.swift in Sources */ = {isa = PBXBuildFile; fileRef = D85C9C2A24336CF200F1D4FE /* LoginViewController.swift */; };
		D85C9C2D24336CF300F1D4FE /* WelcomeViewController.swift in Sources */ = {isa = PBXBuildFile; fileRef = D85C9C2B24336CF200F1D4FE /* WelcomeViewController.swift */; };
		D85C9C3024336D0000F1D4FE /* MainTabBar.storyboard in Resources */ = {isa = PBXBuildFile; fileRef = D85C9C2F24336D0000F1D4FE /* MainTabBar.storyboard */; };
		D85C9C3224336D0800F1D4FE /* Login.storyboard in Resources */ = {isa = PBXBuildFile; fileRef = D85C9C3124336D0800F1D4FE /* Login.storyboard */; };
		D85C9C3424336D1F00F1D4FE /* AppNavigationController.swift in Sources */ = {isa = PBXBuildFile; fileRef = D85C9C3324336D1F00F1D4FE /* AppNavigationController.swift */; };
		D87E3C502445FDC3004A4BDF /* SportsViewController.swift in Sources */ = {isa = PBXBuildFile; fileRef = D87E3C4F2445FDC3004A4BDF /* SportsViewController.swift */; };
		D87E3C522445FDD5004A4BDF /* PromotionsViewController.swift in Sources */ = {isa = PBXBuildFile; fileRef = D87E3C512445FDD5004A4BDF /* PromotionsViewController.swift */; };
		D87E3C542445FDE5004A4BDF /* NotificationsViewController.swift in Sources */ = {isa = PBXBuildFile; fileRef = D87E3C532445FDE5004A4BDF /* NotificationsViewController.swift */; };
		D87E3C562445FDEF004A4BDF /* Sports.storyboard in Resources */ = {isa = PBXBuildFile; fileRef = D87E3C552445FDEF004A4BDF /* Sports.storyboard */; };
		D87E3C582445FE08004A4BDF /* Promotions.storyboard in Resources */ = {isa = PBXBuildFile; fileRef = D87E3C572445FE08004A4BDF /* Promotions.storyboard */; };
		D87E3C5A2445FE6C004A4BDF /* Notifications.storyboard in Resources */ = {isa = PBXBuildFile; fileRef = D87E3C592445FE6C004A4BDF /* Notifications.storyboard */; };
		D8972FE724484EDE001A6B13 /* MainTabBarViewModelTests.swift in Sources */ = {isa = PBXBuildFile; fileRef = D8972FE624484EDE001A6B13 /* MainTabBarViewModelTests.swift */; };
		D8A47DCF24335B4B0077AA8E /* AppDelegate.swift in Sources */ = {isa = PBXBuildFile; fileRef = D8A47DCE24335B4B0077AA8E /* AppDelegate.swift */; };
		D8A47DD124335B4B0077AA8E /* SceneDelegate.swift in Sources */ = {isa = PBXBuildFile; fileRef = D8A47DD024335B4B0077AA8E /* SceneDelegate.swift */; };
		D8A47DD824335B4C0077AA8E /* Assets.xcassets in Resources */ = {isa = PBXBuildFile; fileRef = D8A47DD724335B4C0077AA8E /* Assets.xcassets */; };
		D8A47DDB24335B4C0077AA8E /* LaunchScreen.storyboard in Resources */ = {isa = PBXBuildFile; fileRef = D8A47DD924335B4C0077AA8E /* LaunchScreen.storyboard */; };
		D8A47DEE24335EBA0077AA8E /* Bundle+Extension.swift in Sources */ = {isa = PBXBuildFile; fileRef = D8A47DED24335EBA0077AA8E /* Bundle+Extension.swift */; };
		D8C73F7F2445A64E004C96DB /* HomeViewController.swift in Sources */ = {isa = PBXBuildFile; fileRef = D8C73F7E2445A64E004C96DB /* HomeViewController.swift */; };
		D8C73F812445A656004C96DB /* Home.storyboard in Resources */ = {isa = PBXBuildFile; fileRef = D8C73F802445A656004C96DB /* Home.storyboard */; };
		D8C73F832445BB00004C96DB /* CommonBarButtonProviding.swift in Sources */ = {isa = PBXBuildFile; fileRef = D8C73F822445BB00004C96DB /* CommonBarButtonProviding.swift */; };
		D8C73F852445C63D004C96DB /* UIImage+Extension.swift in Sources */ = {isa = PBXBuildFile; fileRef = D8C73F842445C63D004C96DB /* UIImage+Extension.swift */; };
		D8D96C912446FE5500EFC0B1 /* FloatingTabBarManager.swift in Sources */ = {isa = PBXBuildFile; fileRef = D8D96C902446FE5500EFC0B1 /* FloatingTabBarManager.swift */; };
		D8FBA4F12449BD560015C03C /* Localization.strings in Resources */ = {isa = PBXBuildFile; fileRef = D8FBA4F32449BD560015C03C /* Localization.strings */; };
		D8FBA4F82449BE7D0015C03C /* Language.swift in Sources */ = {isa = PBXBuildFile; fileRef = D8FBA4F72449BE7D0015C03C /* Language.swift */; };
		D8FBA4FC2449C0060015C03C /* LocalizationTests.swift in Sources */ = {isa = PBXBuildFile; fileRef = D8FBA4FB2449C0060015C03C /* LocalizationTests.swift */; };
		D8FBA4FE2449C50B0015C03C /* Rswift+Extension.swift in Sources */ = {isa = PBXBuildFile; fileRef = D8FBA4FD2449C50B0015C03C /* Rswift+Extension.swift */; };
		D8FBA5002449C7090015C03C /* LanguageTests.swift in Sources */ = {isa = PBXBuildFile; fileRef = D8FBA4FF2449C7090015C03C /* LanguageTests.swift */; };
/* End PBXBuildFile section */

/* Begin PBXContainerItemProxy section */
		D807849C2444770F00003892 /* PBXContainerItemProxy */ = {
			isa = PBXContainerItemProxy;
			containerPortal = D8A47DC324335B4B0077AA8E /* Project object */;
			proxyType = 1;
			remoteGlobalIDString = D8A47DCA24335B4B0077AA8E;
			remoteInfo = Mobile;
		};
/* End PBXContainerItemProxy section */

/* Begin PBXFileReference section */
		0F2D25A01C077303D804AE49 /* Pods-MobileTests.release-stage.xcconfig */ = {isa = PBXFileReference; includeInIndex = 1; lastKnownFileType = text.xcconfig; name = "Pods-MobileTests.release-stage.xcconfig"; path = "Target Support Files/Pods-MobileTests/Pods-MobileTests.release-stage.xcconfig"; sourceTree = "<group>"; };
		1DC8A4457FEC86A0D27D9864 /* Pods-Mobile.debug-stage.xcconfig */ = {isa = PBXFileReference; includeInIndex = 1; lastKnownFileType = text.xcconfig; name = "Pods-Mobile.debug-stage.xcconfig"; path = "Target Support Files/Pods-Mobile/Pods-Mobile.debug-stage.xcconfig"; sourceTree = "<group>"; };
		420D5BD2923BF3733D93B967 /* Pods-MobileTests.debug-production.xcconfig */ = {isa = PBXFileReference; includeInIndex = 1; lastKnownFileType = text.xcconfig; name = "Pods-MobileTests.debug-production.xcconfig"; path = "Target Support Files/Pods-MobileTests/Pods-MobileTests.debug-production.xcconfig"; sourceTree = "<group>"; };
		48EC3D621A35A18E001F0406 /* Pods_Mobile.framework */ = {isa = PBXFileReference; explicitFileType = wrapper.framework; includeInIndex = 0; path = Pods_Mobile.framework; sourceTree = BUILT_PRODUCTS_DIR; };
		78526968594DC2FF052D9FB5 /* Pods-MobileTests.debug-stage.xcconfig */ = {isa = PBXFileReference; includeInIndex = 1; lastKnownFileType = text.xcconfig; name = "Pods-MobileTests.debug-stage.xcconfig"; path = "Target Support Files/Pods-MobileTests/Pods-MobileTests.debug-stage.xcconfig"; sourceTree = "<group>"; };
		8B0B491F828D91425F70E799 /* Pods-MobileTests.release-production.xcconfig */ = {isa = PBXFileReference; includeInIndex = 1; lastKnownFileType = text.xcconfig; name = "Pods-MobileTests.release-production.xcconfig"; path = "Target Support Files/Pods-MobileTests/Pods-MobileTests.release-production.xcconfig"; sourceTree = "<group>"; };
		B6FF2CCD6599E10DC8E0401F /* Pods-Mobile.release.xcconfig */ = {isa = PBXFileReference; includeInIndex = 1; lastKnownFileType = text.xcconfig; name = "Pods-Mobile.release.xcconfig"; path = "Target Support Files/Pods-Mobile/Pods-Mobile.release.xcconfig"; sourceTree = "<group>"; };
		BC382ED931DD96B48C62AD1D /* Pods-Mobile.release-stage.xcconfig */ = {isa = PBXFileReference; includeInIndex = 1; lastKnownFileType = text.xcconfig; name = "Pods-Mobile.release-stage.xcconfig"; path = "Target Support Files/Pods-Mobile/Pods-Mobile.release-stage.xcconfig"; sourceTree = "<group>"; };
		D80784672443968D00003892 /* DesignSystem.swift */ = {isa = PBXFileReference; lastKnownFileType = sourcecode.swift; path = DesignSystem.swift; sourceTree = "<group>"; };
		D807846A24439E4500003892 /* String+Extension.swift */ = {isa = PBXFileReference; lastKnownFileType = sourcecode.swift; path = "String+Extension.swift"; sourceTree = "<group>"; };
		D807846D2444727500003892 /* FiraGO-Light.ttf */ = {isa = PBXFileReference; lastKnownFileType = file; path = "FiraGO-Light.ttf"; sourceTree = "<group>"; };
		D807846E2444727500003892 /* FiraGO-ExtraLight.ttf */ = {isa = PBXFileReference; lastKnownFileType = file; path = "FiraGO-ExtraLight.ttf"; sourceTree = "<group>"; };
		D807846F2444727500003892 /* FiraGO-Four.ttf */ = {isa = PBXFileReference; lastKnownFileType = file; path = "FiraGO-Four.ttf"; sourceTree = "<group>"; };
		D80784702444727500003892 /* FiraGO-Thin.ttf */ = {isa = PBXFileReference; lastKnownFileType = file; path = "FiraGO-Thin.ttf"; sourceTree = "<group>"; };
		D80784722444727500003892 /* FiraGO-Two.ttf */ = {isa = PBXFileReference; lastKnownFileType = file; path = "FiraGO-Two.ttf"; sourceTree = "<group>"; };
		D80784732444727500003892 /* FiraGO-Heavy.ttf */ = {isa = PBXFileReference; lastKnownFileType = file; path = "FiraGO-Heavy.ttf"; sourceTree = "<group>"; };
		D80784742444727500003892 /* FiraGO-Hair.ttf */ = {isa = PBXFileReference; lastKnownFileType = file; path = "FiraGO-Hair.ttf"; sourceTree = "<group>"; };
		D80784752444727500003892 /* FiraGO-SemiBold.ttf */ = {isa = PBXFileReference; lastKnownFileType = file; path = "FiraGO-SemiBold.ttf"; sourceTree = "<group>"; };
		D80784762444727600003892 /* FiraGO-Book.ttf */ = {isa = PBXFileReference; lastKnownFileType = file; path = "FiraGO-Book.ttf"; sourceTree = "<group>"; };
		D80784772444727600003892 /* FiraGO-Medium.ttf */ = {isa = PBXFileReference; lastKnownFileType = file; path = "FiraGO-Medium.ttf"; sourceTree = "<group>"; };
		D80784782444727600003892 /* FiraGO-Eight.ttf */ = {isa = PBXFileReference; lastKnownFileType = file; path = "FiraGO-Eight.ttf"; sourceTree = "<group>"; };
		D80784792444727600003892 /* FiraGO-Regular.ttf */ = {isa = PBXFileReference; lastKnownFileType = file; path = "FiraGO-Regular.ttf"; sourceTree = "<group>"; };
		D807847A2444727600003892 /* FiraGO-UltraLight.ttf */ = {isa = PBXFileReference; lastKnownFileType = file; path = "FiraGO-UltraLight.ttf"; sourceTree = "<group>"; };
		D807847B2444727600003892 /* FiraGO-ExtraBold.ttf */ = {isa = PBXFileReference; lastKnownFileType = file; path = "FiraGO-ExtraBold.ttf"; sourceTree = "<group>"; };
		D807847C2444727600003892 /* FiraGO-Bold.ttf */ = {isa = PBXFileReference; lastKnownFileType = file; path = "FiraGO-Bold.ttf"; sourceTree = "<group>"; };
		D807848D2444727E00003892 /* PantonMtav3-Bold.otf */ = {isa = PBXFileReference; lastKnownFileType = file; path = "PantonMtav3-Bold.otf"; sourceTree = "<group>"; };
		D807848E2444727E00003892 /* PantonMtav3-ExtraBold.otf */ = {isa = PBXFileReference; lastKnownFileType = file; path = "PantonMtav3-ExtraBold.otf"; sourceTree = "<group>"; };
		D807848F2444727E00003892 /* PantonMtav3-Regular.otf */ = {isa = PBXFileReference; lastKnownFileType = file; path = "PantonMtav3-Regular.otf"; sourceTree = "<group>"; };
		D80784972444770F00003892 /* MobileTests.xctest */ = {isa = PBXFileReference; explicitFileType = wrapper.cfbundle; includeInIndex = 0; path = MobileTests.xctest; sourceTree = BUILT_PRODUCTS_DIR; };
		D807849B2444770F00003892 /* Info.plist */ = {isa = PBXFileReference; lastKnownFileType = text.plist.xml; path = Info.plist; sourceTree = "<group>"; };
		D80784A424447ABF00003892 /* DesignSystemTests.swift */ = {isa = PBXFileReference; lastKnownFileType = sourcecode.swift; path = DesignSystemTests.swift; sourceTree = "<group>"; };
		D809B7D02446FFC4000E861E /* UIViewController+Extension.swift */ = {isa = PBXFileReference; lastKnownFileType = sourcecode.swift; path = "UIViewController+Extension.swift"; sourceTree = "<group>"; };
		D827961C2434CA81006745E8 /* Swiftlint.sh */ = {isa = PBXFileReference; lastKnownFileType = text.script.sh; path = Swiftlint.sh; sourceTree = "<group>"; };
		D84209822448248C0001ADC1 /* MainTabBarViewModel.swift */ = {isa = PBXFileReference; lastKnownFileType = sourcecode.swift; path = MainTabBarViewModel.swift; sourceTree = "<group>"; };
		D842098424482BE80001ADC1 /* TabBarButton.swift */ = {isa = PBXFileReference; lastKnownFileType = sourcecode.swift; path = TabBarButton.swift; sourceTree = "<group>"; };
		D842098824482CE60001ADC1 /* HomeViewControllerFactory.swift */ = {isa = PBXFileReference; lastKnownFileType = sourcecode.swift; path = HomeViewControllerFactory.swift; sourceTree = "<group>"; };
		D842098A24482D950001ADC1 /* SportsViewControllerFactory.swift */ = {isa = PBXFileReference; lastKnownFileType = sourcecode.swift; path = SportsViewControllerFactory.swift; sourceTree = "<group>"; };
		D842098C24482DA40001ADC1 /* PromotionsViewControllerFactory.swift */ = {isa = PBXFileReference; lastKnownFileType = sourcecode.swift; path = PromotionsViewControllerFactory.swift; sourceTree = "<group>"; };
		D842098E24482DB10001ADC1 /* NotificationsViewControllerFactory.swift */ = {isa = PBXFileReference; lastKnownFileType = sourcecode.swift; path = NotificationsViewControllerFactory.swift; sourceTree = "<group>"; };
		D842099024482DC80001ADC1 /* MainTabBarNavigator.swift */ = {isa = PBXFileReference; lastKnownFileType = sourcecode.swift; path = MainTabBarNavigator.swift; sourceTree = "<group>"; };
		D845BFB82445F93900419A2C /* UIView+Extension.swift */ = {isa = PBXFileReference; lastKnownFileType = sourcecode.swift; path = "UIView+Extension.swift"; sourceTree = "<group>"; };
		D85C9BE82433675D00F1D4FE /* AdjarabetCoreClient+SessionManagementServices.swift */ = {isa = PBXFileReference; lastKnownFileType = sourcecode.swift; path = "AdjarabetCoreClient+SessionManagementServices.swift"; sourceTree = "<group>"; };
		D85C9BE92433675D00F1D4FE /* AdjarabetCoreClient+BalanceManagementServices.swift */ = {isa = PBXFileReference; lastKnownFileType = sourcecode.swift; path = "AdjarabetCoreClient+BalanceManagementServices.swift"; sourceTree = "<group>"; };
		D85C9BEA2433675D00F1D4FE /* AdjarabetCoreClient+AuthenticationService.swift */ = {isa = PBXFileReference; lastKnownFileType = sourcecode.swift; path = "AdjarabetCoreClient+AuthenticationService.swift"; sourceTree = "<group>"; };
		D85C9BEB2433675D00F1D4FE /* AdjarabetCoreClient.swift */ = {isa = PBXFileReference; lastKnownFileType = sourcecode.swift; path = AdjarabetCoreClient.swift; sourceTree = "<group>"; };
		D85C9BF02433677100F1D4FE /* AdjarabetCoreRequestBuilder.swift */ = {isa = PBXFileReference; fileEncoding = 4; lastKnownFileType = sourcecode.swift; path = AdjarabetCoreRequestBuilder.swift; sourceTree = "<group>"; };
		D85C9BF22433678000F1D4FE /* AdjarabetCoreClientError.swift */ = {isa = PBXFileReference; fileEncoding = 4; lastKnownFileType = sourcecode.swift; path = AdjarabetCoreClientError.swift; sourceTree = "<group>"; };
		D85C9BF32433678000F1D4FE /* AdjarabetCoreCodableType.swift */ = {isa = PBXFileReference; fileEncoding = 4; lastKnownFileType = sourcecode.swift; path = AdjarabetCoreCodableType.swift; sourceTree = "<group>"; };
		D85C9BF42433678000F1D4FE /* AdjarabetCoreResult.swift */ = {isa = PBXFileReference; fileEncoding = 4; lastKnownFileType = sourcecode.swift; path = AdjarabetCoreResult.swift; sourceTree = "<group>"; };
		D85C9BF52433678000F1D4FE /* AdjarabetCoreStatusCode.swift */ = {isa = PBXFileReference; fileEncoding = 4; lastKnownFileType = sourcecode.swift; path = AdjarabetCoreStatusCode.swift; sourceTree = "<group>"; };
		D85C9BF62433678000F1D4FE /* AdjarabetCoreCodable.swift */ = {isa = PBXFileReference; fileEncoding = 4; lastKnownFileType = sourcecode.swift; path = AdjarabetCoreCodable.swift; sourceTree = "<group>"; };
		D85C9BFD243367B800F1D4FE /* AdjarabetCoreServices.swift */ = {isa = PBXFileReference; fileEncoding = 4; lastKnownFileType = sourcecode.swift; path = AdjarabetCoreServices.swift; sourceTree = "<group>"; };
		D85C9BFF243367C900F1D4FE /* AdjarabetWebAPIClient+AdjarabetWebAPIUserLoggedInServices.swift */ = {isa = PBXFileReference; fileEncoding = 4; lastKnownFileType = sourcecode.swift; path = "AdjarabetWebAPIClient+AdjarabetWebAPIUserLoggedInServices.swift"; sourceTree = "<group>"; };
		D85C9C00243367C900F1D4FE /* AdjarabetWebAPIClient.swift */ = {isa = PBXFileReference; fileEncoding = 4; lastKnownFileType = sourcecode.swift; path = AdjarabetWebAPIClient.swift; sourceTree = "<group>"; };
		D85C9C05243367D100F1D4FE /* AdjarabetWebAPIClientRequestBuilder.swift */ = {isa = PBXFileReference; fileEncoding = 4; lastKnownFileType = sourcecode.swift; path = AdjarabetWebAPIClientRequestBuilder.swift; sourceTree = "<group>"; };
		D85C9C07243367D800F1D4FE /* AdjarabetWebAPICodable.swift */ = {isa = PBXFileReference; fileEncoding = 4; lastKnownFileType = sourcecode.swift; path = AdjarabetWebAPICodable.swift; sourceTree = "<group>"; };
		D85C9C08243367D800F1D4FE /* AdjarabetWebAPIClientError.swift */ = {isa = PBXFileReference; fileEncoding = 4; lastKnownFileType = sourcecode.swift; path = AdjarabetWebAPIClientError.swift; sourceTree = "<group>"; };
		D85C9C0B243367DE00F1D4FE /* AdjarabetWebAPIServices.swift */ = {isa = PBXFileReference; fileEncoding = 4; lastKnownFileType = sourcecode.swift; path = AdjarabetWebAPIServices.swift; sourceTree = "<group>"; };
		D85C9C0F2433692E00F1D4FE /* AdjarabetEndpoints.swift */ = {isa = PBXFileReference; lastKnownFileType = sourcecode.swift; path = AdjarabetEndpoints.swift; sourceTree = "<group>"; };
		D85C9C1124336B4C00F1D4FE /* R.generated.swift */ = {isa = PBXFileReference; fileEncoding = 4; lastKnownFileType = sourcecode.swift; path = R.generated.swift; sourceTree = "<group>"; };
		D85C9C1424336BA600F1D4FE /* Mobile.entitlements */ = {isa = PBXFileReference; lastKnownFileType = text.plist.entitlements; path = Mobile.entitlements; sourceTree = "<group>"; };
		D85C9C1624336C0B00F1D4FE /* LoadingButton.swift */ = {isa = PBXFileReference; fileEncoding = 4; lastKnownFileType = sourcecode.swift; path = LoadingButton.swift; sourceTree = "<group>"; };
		D85C9C1824336C7100F1D4FE /* KeychainContainer.swift */ = {isa = PBXFileReference; fileEncoding = 4; lastKnownFileType = sourcecode.swift; path = KeychainContainer.swift; sourceTree = "<group>"; };
		D85C9C1924336C7100F1D4FE /* Biometry.swift */ = {isa = PBXFileReference; fileEncoding = 4; lastKnownFileType = sourcecode.swift; path = Biometry.swift; sourceTree = "<group>"; };
		D85C9C1D24336CA400F1D4FE /* UserSessionServices.swift */ = {isa = PBXFileReference; fileEncoding = 4; lastKnownFileType = sourcecode.swift; path = UserSessionServices.swift; sourceTree = "<group>"; };
		D85C9C1E24336CA400F1D4FE /* UserSession.swift */ = {isa = PBXFileReference; fileEncoding = 4; lastKnownFileType = sourcecode.swift; path = UserSession.swift; sourceTree = "<group>"; };
		D85C9C1F24336CA400F1D4FE /* UserSessionCareTaker.swift */ = {isa = PBXFileReference; fileEncoding = 4; lastKnownFileType = sourcecode.swift; path = UserSessionCareTaker.swift; sourceTree = "<group>"; };
		D85C9C2624336CDD00F1D4FE /* MainTabBarViewController.swift */ = {isa = PBXFileReference; fileEncoding = 4; lastKnownFileType = sourcecode.swift; path = MainTabBarViewController.swift; sourceTree = "<group>"; };
		D85C9C2A24336CF200F1D4FE /* LoginViewController.swift */ = {isa = PBXFileReference; fileEncoding = 4; lastKnownFileType = sourcecode.swift; path = LoginViewController.swift; sourceTree = "<group>"; };
		D85C9C2B24336CF200F1D4FE /* WelcomeViewController.swift */ = {isa = PBXFileReference; fileEncoding = 4; lastKnownFileType = sourcecode.swift; path = WelcomeViewController.swift; sourceTree = "<group>"; };
		D85C9C2F24336D0000F1D4FE /* MainTabBar.storyboard */ = {isa = PBXFileReference; lastKnownFileType = file.storyboard; path = MainTabBar.storyboard; sourceTree = "<group>"; };
		D85C9C3124336D0800F1D4FE /* Login.storyboard */ = {isa = PBXFileReference; lastKnownFileType = file.storyboard; path = Login.storyboard; sourceTree = "<group>"; };
		D85C9C3324336D1F00F1D4FE /* AppNavigationController.swift */ = {isa = PBXFileReference; fileEncoding = 4; lastKnownFileType = sourcecode.swift; path = AppNavigationController.swift; sourceTree = "<group>"; };
		D85C9C372433755E00F1D4FE /* RSwift.sh */ = {isa = PBXFileReference; fileEncoding = 4; lastKnownFileType = text.script.sh; path = RSwift.sh; sourceTree = "<group>"; };
		D87E3C4F2445FDC3004A4BDF /* SportsViewController.swift */ = {isa = PBXFileReference; lastKnownFileType = sourcecode.swift; path = SportsViewController.swift; sourceTree = "<group>"; };
		D87E3C512445FDD5004A4BDF /* PromotionsViewController.swift */ = {isa = PBXFileReference; lastKnownFileType = sourcecode.swift; path = PromotionsViewController.swift; sourceTree = "<group>"; };
		D87E3C532445FDE5004A4BDF /* NotificationsViewController.swift */ = {isa = PBXFileReference; lastKnownFileType = sourcecode.swift; path = NotificationsViewController.swift; sourceTree = "<group>"; };
		D87E3C552445FDEF004A4BDF /* Sports.storyboard */ = {isa = PBXFileReference; lastKnownFileType = file.storyboard; path = Sports.storyboard; sourceTree = "<group>"; };
		D87E3C572445FE08004A4BDF /* Promotions.storyboard */ = {isa = PBXFileReference; lastKnownFileType = file.storyboard; path = Promotions.storyboard; sourceTree = "<group>"; };
		D87E3C592445FE6C004A4BDF /* Notifications.storyboard */ = {isa = PBXFileReference; lastKnownFileType = file.storyboard; path = Notifications.storyboard; sourceTree = "<group>"; };
		D8972FE624484EDE001A6B13 /* MainTabBarViewModelTests.swift */ = {isa = PBXFileReference; lastKnownFileType = sourcecode.swift; path = MainTabBarViewModelTests.swift; sourceTree = "<group>"; };
		D8A47DCB24335B4B0077AA8E /* Mobile Stage.app */ = {isa = PBXFileReference; explicitFileType = wrapper.application; includeInIndex = 0; path = "Mobile Stage.app"; sourceTree = BUILT_PRODUCTS_DIR; };
		D8A47DCE24335B4B0077AA8E /* AppDelegate.swift */ = {isa = PBXFileReference; lastKnownFileType = sourcecode.swift; path = AppDelegate.swift; sourceTree = "<group>"; };
		D8A47DD024335B4B0077AA8E /* SceneDelegate.swift */ = {isa = PBXFileReference; lastKnownFileType = sourcecode.swift; path = SceneDelegate.swift; sourceTree = "<group>"; };
		D8A47DD724335B4C0077AA8E /* Assets.xcassets */ = {isa = PBXFileReference; lastKnownFileType = folder.assetcatalog; path = Assets.xcassets; sourceTree = "<group>"; };
		D8A47DDA24335B4C0077AA8E /* Base */ = {isa = PBXFileReference; lastKnownFileType = file.storyboard; name = Base; path = Base.lproj/LaunchScreen.storyboard; sourceTree = "<group>"; };
		D8A47DDC24335B4C0077AA8E /* Info.plist */ = {isa = PBXFileReference; lastKnownFileType = text.plist.xml; path = Info.plist; sourceTree = "<group>"; };
		D8A47DED24335EBA0077AA8E /* Bundle+Extension.swift */ = {isa = PBXFileReference; lastKnownFileType = sourcecode.swift; path = "Bundle+Extension.swift"; sourceTree = "<group>"; };
		D8A47DEF24335ECA0077AA8E /* Mobile-Bridging-Header.h */ = {isa = PBXFileReference; lastKnownFileType = sourcecode.c.h; path = "Mobile-Bridging-Header.h"; sourceTree = "<group>"; };
		D8C73F7E2445A64E004C96DB /* HomeViewController.swift */ = {isa = PBXFileReference; lastKnownFileType = sourcecode.swift; path = HomeViewController.swift; sourceTree = "<group>"; };
		D8C73F802445A656004C96DB /* Home.storyboard */ = {isa = PBXFileReference; lastKnownFileType = file.storyboard; path = Home.storyboard; sourceTree = "<group>"; };
		D8C73F822445BB00004C96DB /* CommonBarButtonProviding.swift */ = {isa = PBXFileReference; lastKnownFileType = sourcecode.swift; path = CommonBarButtonProviding.swift; sourceTree = "<group>"; };
		D8C73F842445C63D004C96DB /* UIImage+Extension.swift */ = {isa = PBXFileReference; lastKnownFileType = sourcecode.swift; path = "UIImage+Extension.swift"; sourceTree = "<group>"; };
		D8D96C902446FE5500EFC0B1 /* FloatingTabBarManager.swift */ = {isa = PBXFileReference; lastKnownFileType = sourcecode.swift; path = FloatingTabBarManager.swift; sourceTree = "<group>"; };
		D8FBA4F22449BD560015C03C /* en */ = {isa = PBXFileReference; lastKnownFileType = text.plist.strings; name = en; path = en.lproj/Localization.strings; sourceTree = "<group>"; };
		D8FBA4F72449BE7D0015C03C /* Language.swift */ = {isa = PBXFileReference; lastKnownFileType = sourcecode.swift; path = Language.swift; sourceTree = "<group>"; };
		D8FBA4FB2449C0060015C03C /* LocalizationTests.swift */ = {isa = PBXFileReference; lastKnownFileType = sourcecode.swift; path = LocalizationTests.swift; sourceTree = "<group>"; };
		D8FBA4FD2449C50B0015C03C /* Rswift+Extension.swift */ = {isa = PBXFileReference; lastKnownFileType = sourcecode.swift; path = "Rswift+Extension.swift"; sourceTree = "<group>"; };
		D8FBA4FF2449C7090015C03C /* LanguageTests.swift */ = {isa = PBXFileReference; lastKnownFileType = sourcecode.swift; path = LanguageTests.swift; sourceTree = "<group>"; };
		D8FBA5012449C8DA0015C03C /* ka */ = {isa = PBXFileReference; lastKnownFileType = text.plist.strings; name = ka; path = ka.lproj/Localization.strings; sourceTree = "<group>"; };
		D8FBA5022449C90A0015C03C /* hy */ = {isa = PBXFileReference; lastKnownFileType = text.plist.strings; name = hy; path = hy.lproj/Localization.strings; sourceTree = "<group>"; };
		EEAA12F9166ABDC8D1A023CB /* Pods-Mobile.debug.xcconfig */ = {isa = PBXFileReference; includeInIndex = 1; lastKnownFileType = text.xcconfig; name = "Pods-Mobile.debug.xcconfig"; path = "Target Support Files/Pods-Mobile/Pods-Mobile.debug.xcconfig"; sourceTree = "<group>"; };
		F55E1653702CCB3A72657CF6 /* Pods_MobileTests.framework */ = {isa = PBXFileReference; explicitFileType = wrapper.framework; includeInIndex = 0; path = Pods_MobileTests.framework; sourceTree = BUILT_PRODUCTS_DIR; };
		FC646B72A19D44DAF6585C2D /* Pods-Mobile.release-production.xcconfig */ = {isa = PBXFileReference; includeInIndex = 1; lastKnownFileType = text.xcconfig; name = "Pods-Mobile.release-production.xcconfig"; path = "Target Support Files/Pods-Mobile/Pods-Mobile.release-production.xcconfig"; sourceTree = "<group>"; };
		FDFC63146B84761D3EA657AA /* Pods-Mobile.debug-production.xcconfig */ = {isa = PBXFileReference; includeInIndex = 1; lastKnownFileType = text.xcconfig; name = "Pods-Mobile.debug-production.xcconfig"; path = "Target Support Files/Pods-Mobile/Pods-Mobile.debug-production.xcconfig"; sourceTree = "<group>"; };
/* End PBXFileReference section */

/* Begin PBXFrameworksBuildPhase section */
		D80784942444770F00003892 /* Frameworks */ = {
			isa = PBXFrameworksBuildPhase;
			buildActionMask = 2147483647;
			files = (
				8950EAD5C7E0DA82418E8473 /* Pods_MobileTests.framework in Frameworks */,
			);
			runOnlyForDeploymentPostprocessing = 0;
		};
		D8A47DC824335B4B0077AA8E /* Frameworks */ = {
			isa = PBXFrameworksBuildPhase;
			buildActionMask = 2147483647;
			files = (
				6612F916FC18BFB2C451E2DC /* Pods_Mobile.framework in Frameworks */,
			);
			runOnlyForDeploymentPostprocessing = 0;
		};
/* End PBXFrameworksBuildPhase section */

/* Begin PBXGroup section */
		31170CB969BE9F4E039A5237 /* Frameworks */ = {
			isa = PBXGroup;
			children = (
				48EC3D621A35A18E001F0406 /* Pods_Mobile.framework */,
				F55E1653702CCB3A72657CF6 /* Pods_MobileTests.framework */,
			);
			name = Frameworks;
			sourceTree = "<group>";
		};
		9D1383A490506B12A0598302 /* Pods */ = {
			isa = PBXGroup;
			children = (
				EEAA12F9166ABDC8D1A023CB /* Pods-Mobile.debug.xcconfig */,
				B6FF2CCD6599E10DC8E0401F /* Pods-Mobile.release.xcconfig */,
				1DC8A4457FEC86A0D27D9864 /* Pods-Mobile.debug-stage.xcconfig */,
				FDFC63146B84761D3EA657AA /* Pods-Mobile.debug-production.xcconfig */,
				BC382ED931DD96B48C62AD1D /* Pods-Mobile.release-stage.xcconfig */,
				FC646B72A19D44DAF6585C2D /* Pods-Mobile.release-production.xcconfig */,
				78526968594DC2FF052D9FB5 /* Pods-MobileTests.debug-stage.xcconfig */,
				420D5BD2923BF3733D93B967 /* Pods-MobileTests.debug-production.xcconfig */,
				0F2D25A01C077303D804AE49 /* Pods-MobileTests.release-stage.xcconfig */,
				8B0B491F828D91425F70E799 /* Pods-MobileTests.release-production.xcconfig */,
			);
			path = Pods;
			sourceTree = "<group>";
		};
		D807846C2444726000003892 /* Fonts */ = {
			isa = PBXGroup;
			children = (
				D807848D2444727E00003892 /* PantonMtav3-Bold.otf */,
				D807848E2444727E00003892 /* PantonMtav3-ExtraBold.otf */,
				D807848F2444727E00003892 /* PantonMtav3-Regular.otf */,
				D807847C2444727600003892 /* FiraGO-Bold.ttf */,
				D80784762444727600003892 /* FiraGO-Book.ttf */,
				D80784782444727600003892 /* FiraGO-Eight.ttf */,
				D807847B2444727600003892 /* FiraGO-ExtraBold.ttf */,
				D807846E2444727500003892 /* FiraGO-ExtraLight.ttf */,
				D807846F2444727500003892 /* FiraGO-Four.ttf */,
				D80784742444727500003892 /* FiraGO-Hair.ttf */,
				D80784732444727500003892 /* FiraGO-Heavy.ttf */,
				D807846D2444727500003892 /* FiraGO-Light.ttf */,
				D80784772444727600003892 /* FiraGO-Medium.ttf */,
				D80784792444727600003892 /* FiraGO-Regular.ttf */,
				D80784752444727500003892 /* FiraGO-SemiBold.ttf */,
				D80784702444727500003892 /* FiraGO-Thin.ttf */,
				D80784722444727500003892 /* FiraGO-Two.ttf */,
				D807847A2444727600003892 /* FiraGO-UltraLight.ttf */,
			);
			path = Fonts;
			sourceTree = "<group>";
		};
		D80784982444770F00003892 /* MobileTests */ = {
			isa = PBXGroup;
			children = (
				D8972FE424484E80001A6B13 /* Presentation */,
				D80784A324447AA400003892 /* Infrastructure */,
				D807849B2444770F00003892 /* Info.plist */,
			);
			path = MobileTests;
			sourceTree = "<group>";
		};
		D80784A324447AA400003892 /* Infrastructure */ = {
			isa = PBXGroup;
			children = (
				D80784A424447ABF00003892 /* DesignSystemTests.swift */,
				D8FBA4FB2449C0060015C03C /* LocalizationTests.swift */,
				D8FBA4FF2449C7090015C03C /* LanguageTests.swift */,
			);
			path = Infrastructure;
			sourceTree = "<group>";
		};
		D842098624482CA20001ADC1 /* Factories */ = {
			isa = PBXGroup;
			children = (
				D842098724482CAD0001ADC1 /* Controllers */,
			);
			path = Factories;
			sourceTree = "<group>";
		};
		D842098724482CAD0001ADC1 /* Controllers */ = {
			isa = PBXGroup;
			children = (
				D842098824482CE60001ADC1 /* HomeViewControllerFactory.swift */,
				D842098A24482D950001ADC1 /* SportsViewControllerFactory.swift */,
				D842098C24482DA40001ADC1 /* PromotionsViewControllerFactory.swift */,
				D842098E24482DB10001ADC1 /* NotificationsViewControllerFactory.swift */,
			);
			path = Controllers;
			sourceTree = "<group>";
		};
		D845BFBA2445FD7400419A2C /* Sports */ = {
			isa = PBXGroup;
			children = (
				D87E3C4F2445FDC3004A4BDF /* SportsViewController.swift */,
				D87E3C552445FDEF004A4BDF /* Sports.storyboard */,
			);
			path = Sports;
			sourceTree = "<group>";
		};
		D85C9BE42433673E00F1D4FE /* AdjarabetWebAPIClient */ = {
			isa = PBXGroup;
			children = (
				D85C9C00243367C900F1D4FE /* AdjarabetWebAPIClient.swift */,
				D85C9BE62433674800F1D4FE /* Services */,
				D85C9BE52433674800F1D4FE /* Models */,
				D85C9BE72433674800F1D4FE /* Builders */,
			);
			path = AdjarabetWebAPIClient;
			sourceTree = "<group>";
		};
		D85C9BE52433674800F1D4FE /* Models */ = {
			isa = PBXGroup;
			children = (
				D85C9C08243367D800F1D4FE /* AdjarabetWebAPIClientError.swift */,
				D85C9C07243367D800F1D4FE /* AdjarabetWebAPICodable.swift */,
			);
			path = Models;
			sourceTree = "<group>";
		};
		D85C9BE62433674800F1D4FE /* Services */ = {
			isa = PBXGroup;
			children = (
				D85C9C0B243367DE00F1D4FE /* AdjarabetWebAPIServices.swift */,
				D85C9BFF243367C900F1D4FE /* AdjarabetWebAPIClient+AdjarabetWebAPIUserLoggedInServices.swift */,
			);
			path = Services;
			sourceTree = "<group>";
		};
		D85C9BE72433674800F1D4FE /* Builders */ = {
			isa = PBXGroup;
			children = (
				D85C9C05243367D100F1D4FE /* AdjarabetWebAPIClientRequestBuilder.swift */,
			);
			path = Builders;
			sourceTree = "<group>";
		};
		D85C9C1524336BF500F1D4FE /* Views */ = {
			isa = PBXGroup;
			children = (
				D85C9C1624336C0B00F1D4FE /* LoadingButton.swift */,
			);
			path = Views;
			sourceTree = "<group>";
		};
		D85C9C1C24336C9500F1D4FE /* Utils */ = {
			isa = PBXGroup;
			children = (
				D85C9C2324336CAA00F1D4FE /* UserSession */,
				D85C9C1924336C7100F1D4FE /* Biometry.swift */,
				D85C9C1824336C7100F1D4FE /* KeychainContainer.swift */,
				D80784672443968D00003892 /* DesignSystem.swift */,
				D8C73F822445BB00004C96DB /* CommonBarButtonProviding.swift */,
			);
			path = Utils;
			sourceTree = "<group>";
		};
		D85C9C2324336CAA00F1D4FE /* UserSession */ = {
			isa = PBXGroup;
			children = (
				D85C9C1E24336CA400F1D4FE /* UserSession.swift */,
				D85C9C1F24336CA400F1D4FE /* UserSessionCareTaker.swift */,
				D85C9C1D24336CA400F1D4FE /* UserSessionServices.swift */,
			);
			path = UserSession;
			sourceTree = "<group>";
		};
		D85C9C2424336CCC00F1D4FE /* MainTabBar */ = {
			isa = PBXGroup;
			children = (
				D842099024482DC80001ADC1 /* MainTabBarNavigator.swift */,
				D85C9C2624336CDD00F1D4FE /* MainTabBarViewController.swift */,
				D84209822448248C0001ADC1 /* MainTabBarViewModel.swift */,
				D85C9C2F24336D0000F1D4FE /* MainTabBar.storyboard */,
				D8D96C902446FE5500EFC0B1 /* FloatingTabBarManager.swift */,
				D842098424482BE80001ADC1 /* TabBarButton.swift */,
			);
			path = MainTabBar;
			sourceTree = "<group>";
		};
		D85C9C2524336CD100F1D4FE /* Login */ = {
			isa = PBXGroup;
			children = (
				D85C9C2A24336CF200F1D4FE /* LoginViewController.swift */,
				D85C9C2B24336CF200F1D4FE /* WelcomeViewController.swift */,
				D85C9C3124336D0800F1D4FE /* Login.storyboard */,
			);
			path = Login;
			sourceTree = "<group>";
		};
		D85C9C352433749D00F1D4FE /* AppDelegate */ = {
			isa = PBXGroup;
			children = (
				D8A47DCE24335B4B0077AA8E /* AppDelegate.swift */,
				D8A47DD024335B4B0077AA8E /* SceneDelegate.swift */,
			);
			path = AppDelegate;
			sourceTree = "<group>";
		};
		D85C9C362433754A00F1D4FE /* BuildPhases */ = {
			isa = PBXGroup;
			children = (
				D827961C2434CA81006745E8 /* Swiftlint.sh */,
				D85C9C372433755E00F1D4FE /* RSwift.sh */,
			);
			path = BuildPhases;
			sourceTree = "<group>";
		};
		D87E3C4D2445FDA3004A4BDF /* Promotions */ = {
			isa = PBXGroup;
			children = (
				D87E3C512445FDD5004A4BDF /* PromotionsViewController.swift */,
				D87E3C572445FE08004A4BDF /* Promotions.storyboard */,
			);
			path = Promotions;
			sourceTree = "<group>";
		};
		D87E3C4E2445FDAD004A4BDF /* Notifications */ = {
			isa = PBXGroup;
			children = (
				D87E3C532445FDE5004A4BDF /* NotificationsViewController.swift */,
				D87E3C592445FE6C004A4BDF /* Notifications.storyboard */,
			);
			path = Notifications;
			sourceTree = "<group>";
		};
		D87E3C5B244600B1004A4BDF /* Components */ = {
			isa = PBXGroup;
			children = (
				D87E3C5C244600BF004A4BDF /* Controllers */,
				D842098624482CA20001ADC1 /* Factories */,
				D8FBA4F62449BE6E0015C03C /* Utils */,
				D85C9C1524336BF500F1D4FE /* Views */,
			);
			path = Components;
			sourceTree = "<group>";
		};
		D87E3C5C244600BF004A4BDF /* Controllers */ = {
			isa = PBXGroup;
			children = (
				D85C9C3324336D1F00F1D4FE /* AppNavigationController.swift */,
			);
			path = Controllers;
			sourceTree = "<group>";
		};
		D8972FE424484E80001A6B13 /* Presentation */ = {
			isa = PBXGroup;
			children = (
				D8972FE524484E92001A6B13 /* MainTabBar */,
			);
			path = Presentation;
			sourceTree = "<group>";
		};
		D8972FE524484E92001A6B13 /* MainTabBar */ = {
			isa = PBXGroup;
			children = (
				D8972FE624484EDE001A6B13 /* MainTabBarViewModelTests.swift */,
			);
			path = MainTabBar;
			sourceTree = "<group>";
		};
		D8A47DC224335B4B0077AA8E = {
			isa = PBXGroup;
			children = (
				D8A47DCD24335B4B0077AA8E /* Mobile */,
				D80784982444770F00003892 /* MobileTests */,
				D8A47DCC24335B4B0077AA8E /* Products */,
				9D1383A490506B12A0598302 /* Pods */,
				31170CB969BE9F4E039A5237 /* Frameworks */,
			);
			sourceTree = "<group>";
		};
		D8A47DCC24335B4B0077AA8E /* Products */ = {
			isa = PBXGroup;
			children = (
				D8A47DCB24335B4B0077AA8E /* Mobile Stage.app */,
				D80784972444770F00003892 /* MobileTests.xctest */,
			);
			name = Products;
			sourceTree = "<group>";
		};
		D8A47DCD24335B4B0077AA8E /* Mobile */ = {
			isa = PBXGroup;
			children = (
				D85C9C1424336BA600F1D4FE /* Mobile.entitlements */,
				D8A47DE624335DC60077AA8E /* App */,
				D8A47DE824335DD70077AA8E /* Domain */,
				D8A47DE924335DDE0077AA8E /* Presentation */,
				D8A47DEA24335DE40077AA8E /* Data */,
			);
			path = Mobile;
			sourceTree = "<group>";
		};
		D8A47DE624335DC60077AA8E /* App */ = {
			isa = PBXGroup;
			children = (
				D85C9C352433749D00F1D4FE /* AppDelegate */,
				D85C9C362433754A00F1D4FE /* BuildPhases */,
				D87E3C5B244600B1004A4BDF /* Components */,
				D8A47DEC24335EA10077AA8E /* Extensions */,
				D8A47DEB24335E070077AA8E /* Resources */,
				D85C9C1C24336C9500F1D4FE /* Utils */,
			);
			path = App;
			sourceTree = "<group>";
		};
		D8A47DE824335DD70077AA8E /* Domain */ = {
			isa = PBXGroup;
			children = (
			);
			path = Domain;
			sourceTree = "<group>";
		};
		D8A47DE924335DDE0077AA8E /* Presentation */ = {
			isa = PBXGroup;
			children = (
				D85C9C2424336CCC00F1D4FE /* MainTabBar */,
				D8C73F7D2445A62D004C96DB /* Home */,
				D845BFBA2445FD7400419A2C /* Sports */,
				D87E3C4D2445FDA3004A4BDF /* Promotions */,
				D87E3C4E2445FDAD004A4BDF /* Notifications */,
				D85C9C2524336CD100F1D4FE /* Login */,
			);
			path = Presentation;
			sourceTree = "<group>";
		};
		D8A47DEA24335DE40077AA8E /* Data */ = {
			isa = PBXGroup;
			children = (
				D8A47DF3243366F80077AA8E /* NetworkClinet */,
			);
			path = Data;
			sourceTree = "<group>";
		};
		D8A47DEB24335E070077AA8E /* Resources */ = {
			isa = PBXGroup;
			children = (
				D807846C2444726000003892 /* Fonts */,
				D8FBA4F32449BD560015C03C /* Localization.strings */,
				D85C9C1124336B4C00F1D4FE /* R.generated.swift */,
				D8A47DD724335B4C0077AA8E /* Assets.xcassets */,
				D8A47DDC24335B4C0077AA8E /* Info.plist */,
				D8A47DEF24335ECA0077AA8E /* Mobile-Bridging-Header.h */,
				D8A47DD924335B4C0077AA8E /* LaunchScreen.storyboard */,
			);
			path = Resources;
			sourceTree = "<group>";
		};
		D8A47DEC24335EA10077AA8E /* Extensions */ = {
			isa = PBXGroup;
			children = (
				D8A47DED24335EBA0077AA8E /* Bundle+Extension.swift */,
				D807846A24439E4500003892 /* String+Extension.swift */,
				D8C73F842445C63D004C96DB /* UIImage+Extension.swift */,
				D845BFB82445F93900419A2C /* UIView+Extension.swift */,
				D809B7D02446FFC4000E861E /* UIViewController+Extension.swift */,
				D8FBA4FD2449C50B0015C03C /* Rswift+Extension.swift */,
			);
			path = Extensions;
			sourceTree = "<group>";
		};
		D8A47DF3243366F80077AA8E /* NetworkClinet */ = {
			isa = PBXGroup;
			children = (
				D85C9C0F2433692E00F1D4FE /* AdjarabetEndpoints.swift */,
				D85C9BE42433673E00F1D4FE /* AdjarabetWebAPIClient */,
				D8A47DF5243367060077AA8E /* AdjarabetCoreClient */,
			);
			path = NetworkClinet;
			sourceTree = "<group>";
		};
		D8A47DF5243367060077AA8E /* AdjarabetCoreClient */ = {
			isa = PBXGroup;
			children = (
				D85C9BEB2433675D00F1D4FE /* AdjarabetCoreClient.swift */,
				D8A47DF8243367230077AA8E /* Services */,
				D8A47DF7243367160077AA8E /* Models */,
				D8A47DF62433670B0077AA8E /* Builders */,
			);
			path = AdjarabetCoreClient;
			sourceTree = "<group>";
		};
		D8A47DF62433670B0077AA8E /* Builders */ = {
			isa = PBXGroup;
			children = (
				D85C9BF02433677100F1D4FE /* AdjarabetCoreRequestBuilder.swift */,
			);
			path = Builders;
			sourceTree = "<group>";
		};
		D8A47DF7243367160077AA8E /* Models */ = {
			isa = PBXGroup;
			children = (
				D85C9BF22433678000F1D4FE /* AdjarabetCoreClientError.swift */,
				D85C9BF62433678000F1D4FE /* AdjarabetCoreCodable.swift */,
				D85C9BF32433678000F1D4FE /* AdjarabetCoreCodableType.swift */,
				D85C9BF42433678000F1D4FE /* AdjarabetCoreResult.swift */,
				D85C9BF52433678000F1D4FE /* AdjarabetCoreStatusCode.swift */,
			);
			path = Models;
			sourceTree = "<group>";
		};
		D8A47DF8243367230077AA8E /* Services */ = {
			isa = PBXGroup;
			children = (
				D85C9BFD243367B800F1D4FE /* AdjarabetCoreServices.swift */,
				D85C9BEA2433675D00F1D4FE /* AdjarabetCoreClient+AuthenticationService.swift */,
				D85C9BE92433675D00F1D4FE /* AdjarabetCoreClient+BalanceManagementServices.swift */,
				D85C9BE82433675D00F1D4FE /* AdjarabetCoreClient+SessionManagementServices.swift */,
			);
			path = Services;
			sourceTree = "<group>";
		};
		D8C73F7D2445A62D004C96DB /* Home */ = {
			isa = PBXGroup;
			children = (
				D8C73F7E2445A64E004C96DB /* HomeViewController.swift */,
				D8C73F802445A656004C96DB /* Home.storyboard */,
			);
			path = Home;
			sourceTree = "<group>";
		};
		D8FBA4F62449BE6E0015C03C /* Utils */ = {
			isa = PBXGroup;
			children = (
				D8FBA4F72449BE7D0015C03C /* Language.swift */,
			);
			path = Utils;
			sourceTree = "<group>";
		};
/* End PBXGroup section */

/* Begin PBXNativeTarget section */
		D80784962444770F00003892 /* MobileTests */ = {
			isa = PBXNativeTarget;
			buildConfigurationList = D807849E2444770F00003892 /* Build configuration list for PBXNativeTarget "MobileTests" */;
			buildPhases = (
				70C09300C21AF5BD463E1110 /* [CP] Check Pods Manifest.lock */,
				D80784932444770F00003892 /* Sources */,
				D80784942444770F00003892 /* Frameworks */,
				D80784952444770F00003892 /* Resources */,
				FE805DFEB261C5236CC05D12 /* [CP] Embed Pods Frameworks */,
			);
			buildRules = (
			);
			dependencies = (
				D807849D2444770F00003892 /* PBXTargetDependency */,
			);
			name = MobileTests;
			productName = MobileTests;
			productReference = D80784972444770F00003892 /* MobileTests.xctest */;
			productType = "com.apple.product-type.bundle.unit-test";
		};
		D8A47DCA24335B4B0077AA8E /* Mobile */ = {
			isa = PBXNativeTarget;
			buildConfigurationList = D8A47DDF24335B4C0077AA8E /* Build configuration list for PBXNativeTarget "Mobile" */;
			buildPhases = (
				E851500A85D349E8F223FF6F /* [CP] Check Pods Manifest.lock */,
				D85C9C1324336B6F00F1D4FE /* ShellScript */,
				D8A47DC724335B4B0077AA8E /* Sources */,
				D8A47DC824335B4B0077AA8E /* Frameworks */,
				D8A47DC924335B4B0077AA8E /* Resources */,
				36070DD475217445AF722DC3 /* [CP] Embed Pods Frameworks */,
				D827961B2434CA56006745E8 /* SwiftLint */,
			);
			buildRules = (
			);
			dependencies = (
			);
			name = Mobile;
			productName = Mobile;
			productReference = D8A47DCB24335B4B0077AA8E /* Mobile Stage.app */;
			productType = "com.apple.product-type.application";
		};
/* End PBXNativeTarget section */

/* Begin PBXProject section */
		D8A47DC324335B4B0077AA8E /* Project object */ = {
			isa = PBXProject;
			attributes = {
				LastSwiftUpdateCheck = 1140;
				LastUpgradeCheck = 1140;
				ORGANIZATIONNAME = Adjarabet;
				TargetAttributes = {
					D80784962444770F00003892 = {
						CreatedOnToolsVersion = 11.4;
						TestTargetID = D8A47DCA24335B4B0077AA8E;
					};
					D8A47DCA24335B4B0077AA8E = {
						CreatedOnToolsVersion = 11.4;
						LastSwiftMigration = 1140;
					};
				};
			};
			buildConfigurationList = D8A47DC624335B4B0077AA8E /* Build configuration list for PBXProject "Mobile" */;
			compatibilityVersion = "Xcode 9.3";
			developmentRegion = en;
			hasScannedForEncodings = 0;
			knownRegions = (
				en,
				Base,
				ka,
				hy,
			);
			mainGroup = D8A47DC224335B4B0077AA8E;
			productRefGroup = D8A47DCC24335B4B0077AA8E /* Products */;
			projectDirPath = "";
			projectRoot = "";
			targets = (
				D8A47DCA24335B4B0077AA8E /* Mobile */,
				D80784962444770F00003892 /* MobileTests */,
			);
		};
/* End PBXProject section */

/* Begin PBXResourcesBuildPhase section */
		D80784952444770F00003892 /* Resources */ = {
			isa = PBXResourcesBuildPhase;
			buildActionMask = 2147483647;
			files = (
			);
			runOnlyForDeploymentPostprocessing = 0;
		};
		D8A47DC924335B4B0077AA8E /* Resources */ = {
			isa = PBXResourcesBuildPhase;
			buildActionMask = 2147483647;
			files = (
				D8A47DDB24335B4C0077AA8E /* LaunchScreen.storyboard in Resources */,
				D807848C2444727600003892 /* FiraGO-Bold.ttf in Resources */,
				D80784892444727600003892 /* FiraGO-Regular.ttf in Resources */,
				D807848B2444727600003892 /* FiraGO-ExtraBold.ttf in Resources */,
				D80784882444727600003892 /* FiraGO-Eight.ttf in Resources */,
				D85C9C3024336D0000F1D4FE /* MainTabBar.storyboard in Resources */,
				D80784922444727E00003892 /* PantonMtav3-Regular.otf in Resources */,
				D807847E2444727600003892 /* FiraGO-ExtraLight.ttf in Resources */,
				D80784842444727600003892 /* FiraGO-Hair.ttf in Resources */,
				D80784862444727600003892 /* FiraGO-Book.ttf in Resources */,
				D807848A2444727600003892 /* FiraGO-UltraLight.ttf in Resources */,
				D80784852444727600003892 /* FiraGO-SemiBold.ttf in Resources */,
				D80784902444727E00003892 /* PantonMtav3-Bold.otf in Resources */,
				D80784802444727600003892 /* FiraGO-Thin.ttf in Resources */,
				D80784822444727600003892 /* FiraGO-Two.ttf in Resources */,
				D80784832444727600003892 /* FiraGO-Heavy.ttf in Resources */,
				D807847D2444727600003892 /* FiraGO-Light.ttf in Resources */,
				D80784912444727E00003892 /* PantonMtav3-ExtraBold.otf in Resources */,
				D8A47DD824335B4C0077AA8E /* Assets.xcassets in Resources */,
				D87E3C562445FDEF004A4BDF /* Sports.storyboard in Resources */,
				D85C9C3224336D0800F1D4FE /* Login.storyboard in Resources */,
				D807847F2444727600003892 /* FiraGO-Four.ttf in Resources */,
				D8FBA4F12449BD560015C03C /* Localization.strings in Resources */,
				D8C73F812445A656004C96DB /* Home.storyboard in Resources */,
				D87E3C582445FE08004A4BDF /* Promotions.storyboard in Resources */,
				D80784872444727600003892 /* FiraGO-Medium.ttf in Resources */,
				D87E3C5A2445FE6C004A4BDF /* Notifications.storyboard in Resources */,
			);
			runOnlyForDeploymentPostprocessing = 0;
		};
/* End PBXResourcesBuildPhase section */

/* Begin PBXShellScriptBuildPhase section */
		36070DD475217445AF722DC3 /* [CP] Embed Pods Frameworks */ = {
			isa = PBXShellScriptBuildPhase;
			buildActionMask = 2147483647;
			files = (
			);
			inputFileListPaths = (
				"${PODS_ROOT}/Target Support Files/Pods-Mobile/Pods-Mobile-frameworks-${CONFIGURATION}-input-files.xcfilelist",
			);
			name = "[CP] Embed Pods Frameworks";
			outputFileListPaths = (
				"${PODS_ROOT}/Target Support Files/Pods-Mobile/Pods-Mobile-frameworks-${CONFIGURATION}-output-files.xcfilelist",
			);
			runOnlyForDeploymentPostprocessing = 0;
			shellPath = /bin/sh;
			shellScript = "\"${PODS_ROOT}/Target Support Files/Pods-Mobile/Pods-Mobile-frameworks.sh\"\n";
			showEnvVarsInLog = 0;
		};
		70C09300C21AF5BD463E1110 /* [CP] Check Pods Manifest.lock */ = {
			isa = PBXShellScriptBuildPhase;
			buildActionMask = 2147483647;
			files = (
			);
			inputFileListPaths = (
			);
			inputPaths = (
				"${PODS_PODFILE_DIR_PATH}/Podfile.lock",
				"${PODS_ROOT}/Manifest.lock",
			);
			name = "[CP] Check Pods Manifest.lock";
			outputFileListPaths = (
			);
			outputPaths = (
				"$(DERIVED_FILE_DIR)/Pods-MobileTests-checkManifestLockResult.txt",
			);
			runOnlyForDeploymentPostprocessing = 0;
			shellPath = /bin/sh;
			shellScript = "diff \"${PODS_PODFILE_DIR_PATH}/Podfile.lock\" \"${PODS_ROOT}/Manifest.lock\" > /dev/null\nif [ $? != 0 ] ; then\n    # print error to STDERR\n    echo \"error: The sandbox is not in sync with the Podfile.lock. Run 'pod install' or update your CocoaPods installation.\" >&2\n    exit 1\nfi\n# This output is used by Xcode 'outputs' to avoid re-running this script phase.\necho \"SUCCESS\" > \"${SCRIPT_OUTPUT_FILE_0}\"\n";
			showEnvVarsInLog = 0;
		};
		D827961B2434CA56006745E8 /* SwiftLint */ = {
			isa = PBXShellScriptBuildPhase;
			buildActionMask = 2147483647;
			files = (
			);
			inputFileListPaths = (
			);
			inputPaths = (
			);
			name = SwiftLint;
			outputFileListPaths = (
			);
			outputPaths = (
			);
			runOnlyForDeploymentPostprocessing = 0;
			shellPath = /bin/sh;
			shellScript = "$SRCROOT/Mobile/App/BuildPhases/SwiftLint.sh\n";
		};
		D85C9C1324336B6F00F1D4FE /* ShellScript */ = {
			isa = PBXShellScriptBuildPhase;
			buildActionMask = 2147483647;
			files = (
			);
			inputFileListPaths = (
			);
			inputPaths = (
				"$TEMP_DIR/rswift-lastrun",
			);
			outputFileListPaths = (
			);
			outputPaths = (
				$SRCROOT/Mobile/App/Resources/R.generated.swift,
			);
			runOnlyForDeploymentPostprocessing = 0;
			shellPath = /bin/sh;
			shellScript = "$SRCROOT/Mobile/App/BuildPhases/RSwift.sh\n";
		};
		E851500A85D349E8F223FF6F /* [CP] Check Pods Manifest.lock */ = {
			isa = PBXShellScriptBuildPhase;
			buildActionMask = 2147483647;
			files = (
			);
			inputFileListPaths = (
			);
			inputPaths = (
				"${PODS_PODFILE_DIR_PATH}/Podfile.lock",
				"${PODS_ROOT}/Manifest.lock",
			);
			name = "[CP] Check Pods Manifest.lock";
			outputFileListPaths = (
			);
			outputPaths = (
				"$(DERIVED_FILE_DIR)/Pods-Mobile-checkManifestLockResult.txt",
			);
			runOnlyForDeploymentPostprocessing = 0;
			shellPath = /bin/sh;
			shellScript = "diff \"${PODS_PODFILE_DIR_PATH}/Podfile.lock\" \"${PODS_ROOT}/Manifest.lock\" > /dev/null\nif [ $? != 0 ] ; then\n    # print error to STDERR\n    echo \"error: The sandbox is not in sync with the Podfile.lock. Run 'pod install' or update your CocoaPods installation.\" >&2\n    exit 1\nfi\n# This output is used by Xcode 'outputs' to avoid re-running this script phase.\necho \"SUCCESS\" > \"${SCRIPT_OUTPUT_FILE_0}\"\n";
			showEnvVarsInLog = 0;
		};
		FE805DFEB261C5236CC05D12 /* [CP] Embed Pods Frameworks */ = {
			isa = PBXShellScriptBuildPhase;
			buildActionMask = 2147483647;
			files = (
			);
			inputFileListPaths = (
				"${PODS_ROOT}/Target Support Files/Pods-MobileTests/Pods-MobileTests-frameworks-${CONFIGURATION}-input-files.xcfilelist",
			);
			name = "[CP] Embed Pods Frameworks";
			outputFileListPaths = (
				"${PODS_ROOT}/Target Support Files/Pods-MobileTests/Pods-MobileTests-frameworks-${CONFIGURATION}-output-files.xcfilelist",
			);
			runOnlyForDeploymentPostprocessing = 0;
			shellPath = /bin/sh;
			shellScript = "\"${PODS_ROOT}/Target Support Files/Pods-MobileTests/Pods-MobileTests-frameworks.sh\"\n";
			showEnvVarsInLog = 0;
		};
/* End PBXShellScriptBuildPhase section */

/* Begin PBXSourcesBuildPhase section */
		D80784932444770F00003892 /* Sources */ = {
			isa = PBXSourcesBuildPhase;
			buildActionMask = 2147483647;
			files = (
				D80784A524447ABF00003892 /* DesignSystemTests.swift in Sources */,
				D8FBA5002449C7090015C03C /* LanguageTests.swift in Sources */,
				D8972FE724484EDE001A6B13 /* MainTabBarViewModelTests.swift in Sources */,
				D8FBA4FC2449C0060015C03C /* LocalizationTests.swift in Sources */,
			);
			runOnlyForDeploymentPostprocessing = 0;
		};
		D8A47DC724335B4B0077AA8E /* Sources */ = {
			isa = PBXSourcesBuildPhase;
			buildActionMask = 2147483647;
			files = (
				D8D96C912446FE5500EFC0B1 /* FloatingTabBarManager.swift in Sources */,
				D842098D24482DA40001ADC1 /* PromotionsViewControllerFactory.swift in Sources */,
				D85C9C1B24336C7100F1D4FE /* Biometry.swift in Sources */,
				D8C73F832445BB00004C96DB /* CommonBarButtonProviding.swift in Sources */,
				D85C9C1724336C0B00F1D4FE /* LoadingButton.swift in Sources */,
				D87E3C502445FDC3004A4BDF /* SportsViewController.swift in Sources */,
				D85C9BED2433676700F1D4FE /* AdjarabetCoreClient+AuthenticationService.swift in Sources */,
				D85C9C2124336CA400F1D4FE /* UserSession.swift in Sources */,
				D85C9C0A243367D800F1D4FE /* AdjarabetWebAPIClientError.swift in Sources */,
				D85C9BEC2433676700F1D4FE /* AdjarabetCoreClient.swift in Sources */,
				D84209832448248D0001ADC1 /* MainTabBarViewModel.swift in Sources */,
				D85C9BFB2433678000F1D4FE /* AdjarabetCoreCodable.swift in Sources */,
				D85C9C0C243367DE00F1D4FE /* AdjarabetWebAPIServices.swift in Sources */,
				D807846B24439E4500003892 /* String+Extension.swift in Sources */,
				D85C9C102433692E00F1D4FE /* AdjarabetEndpoints.swift in Sources */,
				D8A47DCF24335B4B0077AA8E /* AppDelegate.swift in Sources */,
				D8FBA4FE2449C50B0015C03C /* Rswift+Extension.swift in Sources */,
				D85C9BEF2433676700F1D4FE /* AdjarabetCoreClient+SessionManagementServices.swift in Sources */,
				D85C9C2C24336CF300F1D4FE /* LoginViewController.swift in Sources */,
				D809B7D12446FFC4000E861E /* UIViewController+Extension.swift in Sources */,
				D85C9BFE243367B800F1D4FE /* AdjarabetCoreServices.swift in Sources */,
				D842098F24482DB10001ADC1 /* NotificationsViewControllerFactory.swift in Sources */,
				D85C9BFA2433678000F1D4FE /* AdjarabetCoreStatusCode.swift in Sources */,
				D85C9BF72433678000F1D4FE /* AdjarabetCoreClientError.swift in Sources */,
				D842098B24482D950001ADC1 /* SportsViewControllerFactory.swift in Sources */,
				D85C9C2724336CDD00F1D4FE /* MainTabBarViewController.swift in Sources */,
				D85C9C1224336B4C00F1D4FE /* R.generated.swift in Sources */,
				D842098524482BE80001ADC1 /* TabBarButton.swift in Sources */,
				D85C9C2224336CA400F1D4FE /* UserSessionCareTaker.swift in Sources */,
				D8A47DD124335B4B0077AA8E /* SceneDelegate.swift in Sources */,
				D85C9BF82433678000F1D4FE /* AdjarabetCoreCodableType.swift in Sources */,
				D85C9C3424336D1F00F1D4FE /* AppNavigationController.swift in Sources */,
				D842098924482CE60001ADC1 /* HomeViewControllerFactory.swift in Sources */,
				D85C9BF12433677100F1D4FE /* AdjarabetCoreRequestBuilder.swift in Sources */,
				D8C73F7F2445A64E004C96DB /* HomeViewController.swift in Sources */,
				D85C9C06243367D100F1D4FE /* AdjarabetWebAPIClientRequestBuilder.swift in Sources */,
				D85C9C02243367C900F1D4FE /* AdjarabetWebAPIClient+AdjarabetWebAPIUserLoggedInServices.swift in Sources */,
				D80784682443968D00003892 /* DesignSystem.swift in Sources */,
				D85C9C2D24336CF300F1D4FE /* WelcomeViewController.swift in Sources */,
				D8A47DEE24335EBA0077AA8E /* Bundle+Extension.swift in Sources */,
				D85C9BF92433678000F1D4FE /* AdjarabetCoreResult.swift in Sources */,
				D842099124482DC80001ADC1 /* MainTabBarNavigator.swift in Sources */,
				D85C9C2024336CA400F1D4FE /* UserSessionServices.swift in Sources */,
				D8FBA4F82449BE7D0015C03C /* Language.swift in Sources */,
				D87E3C542445FDE5004A4BDF /* NotificationsViewController.swift in Sources */,
				D845BFB92445F93900419A2C /* UIView+Extension.swift in Sources */,
				D85C9BEE2433676700F1D4FE /* AdjarabetCoreClient+BalanceManagementServices.swift in Sources */,
				D85C9C03243367C900F1D4FE /* AdjarabetWebAPIClient.swift in Sources */,
				D8C73F852445C63D004C96DB /* UIImage+Extension.swift in Sources */,
				D85C9C09243367D800F1D4FE /* AdjarabetWebAPICodable.swift in Sources */,
				D87E3C522445FDD5004A4BDF /* PromotionsViewController.swift in Sources */,
				D85C9C1A24336C7100F1D4FE /* KeychainContainer.swift in Sources */,
			);
			runOnlyForDeploymentPostprocessing = 0;
		};
/* End PBXSourcesBuildPhase section */

/* Begin PBXTargetDependency section */
		D807849D2444770F00003892 /* PBXTargetDependency */ = {
			isa = PBXTargetDependency;
			target = D8A47DCA24335B4B0077AA8E /* Mobile */;
			targetProxy = D807849C2444770F00003892 /* PBXContainerItemProxy */;
		};
/* End PBXTargetDependency section */

/* Begin PBXVariantGroup section */
		D8A47DD924335B4C0077AA8E /* LaunchScreen.storyboard */ = {
			isa = PBXVariantGroup;
			children = (
				D8A47DDA24335B4C0077AA8E /* Base */,
			);
			name = LaunchScreen.storyboard;
			sourceTree = "<group>";
		};
		D8FBA4F32449BD560015C03C /* Localization.strings */ = {
			isa = PBXVariantGroup;
			children = (
				D8FBA4F22449BD560015C03C /* en */,
				D8FBA5012449C8DA0015C03C /* ka */,
				D8FBA5022449C90A0015C03C /* hy */,
			);
			name = Localization.strings;
			sourceTree = "<group>";
		};
/* End PBXVariantGroup section */

/* Begin XCBuildConfiguration section */
		D807849F2444770F00003892 /* Debug-Stage */ = {
			isa = XCBuildConfiguration;
			baseConfigurationReference = 78526968594DC2FF052D9FB5 /* Pods-MobileTests.debug-stage.xcconfig */;
			buildSettings = {
				ALWAYS_SEARCH_USER_PATHS = NO;
				BUNDLE_LOADER = "$(TEST_HOST)";
				CLANG_ANALYZER_NONNULL = YES;
				CLANG_ANALYZER_NUMBER_OBJECT_CONVERSION = YES_AGGRESSIVE;
				CLANG_CXX_LANGUAGE_STANDARD = "gnu++14";
				CLANG_CXX_LIBRARY = "libc++";
				CLANG_ENABLE_MODULES = YES;
				CLANG_ENABLE_OBJC_ARC = YES;
				CLANG_ENABLE_OBJC_WEAK = YES;
				CLANG_WARN_BLOCK_CAPTURE_AUTORELEASING = YES;
				CLANG_WARN_BOOL_CONVERSION = YES;
				CLANG_WARN_COMMA = YES;
				CLANG_WARN_CONSTANT_CONVERSION = YES;
				CLANG_WARN_DEPRECATED_OBJC_IMPLEMENTATIONS = YES;
				CLANG_WARN_DIRECT_OBJC_ISA_USAGE = YES_ERROR;
				CLANG_WARN_DOCUMENTATION_COMMENTS = YES;
				CLANG_WARN_EMPTY_BODY = YES;
				CLANG_WARN_ENUM_CONVERSION = YES;
				CLANG_WARN_INFINITE_RECURSION = YES;
				CLANG_WARN_INT_CONVERSION = YES;
				CLANG_WARN_NON_LITERAL_NULL_CONVERSION = YES;
				CLANG_WARN_OBJC_IMPLICIT_RETAIN_SELF = YES;
				CLANG_WARN_OBJC_LITERAL_CONVERSION = YES;
				CLANG_WARN_OBJC_ROOT_CLASS = YES_ERROR;
				CLANG_WARN_RANGE_LOOP_ANALYSIS = YES;
				CLANG_WARN_STRICT_PROTOTYPES = YES;
				CLANG_WARN_SUSPICIOUS_MOVE = YES;
				CLANG_WARN_UNGUARDED_AVAILABILITY = YES_AGGRESSIVE;
				CLANG_WARN_UNREACHABLE_CODE = YES;
				CLANG_WARN__DUPLICATE_METHOD_MATCH = YES;
				CODE_SIGN_STYLE = Automatic;
				COPY_PHASE_STRIP = NO;
				DEBUG_INFORMATION_FORMAT = dwarf;
				DEVELOPMENT_TEAM = RDJN6C84H4;
				ENABLE_STRICT_OBJC_MSGSEND = YES;
				ENABLE_TESTABILITY = YES;
				GCC_C_LANGUAGE_STANDARD = gnu11;
				GCC_DYNAMIC_NO_PIC = NO;
				GCC_NO_COMMON_BLOCKS = YES;
				GCC_OPTIMIZATION_LEVEL = 0;
				GCC_PREPROCESSOR_DEFINITIONS = (
					"DEBUG=1",
					"$(inherited)",
				);
				GCC_WARN_64_TO_32_BIT_CONVERSION = YES;
				GCC_WARN_ABOUT_RETURN_TYPE = YES_ERROR;
				GCC_WARN_UNDECLARED_SELECTOR = YES;
				GCC_WARN_UNINITIALIZED_AUTOS = YES_AGGRESSIVE;
				GCC_WARN_UNUSED_FUNCTION = YES;
				GCC_WARN_UNUSED_VARIABLE = YES;
				INFOPLIST_FILE = MobileTests/Info.plist;
				IPHONEOS_DEPLOYMENT_TARGET = 13.4;
				LD_RUNPATH_SEARCH_PATHS = (
					"$(inherited)",
					"@executable_path/Frameworks",
					"@loader_path/Frameworks",
				);
				MTL_ENABLE_DEBUG_INFO = INCLUDE_SOURCE;
				MTL_FAST_MATH = YES;
				ONLY_ACTIVE_ARCH = YES;
				PRODUCT_BUNDLE_IDENTIFIER = com.adjarabet.MobileTests;
				PRODUCT_NAME = "$(TARGET_NAME)";
				SDKROOT = iphoneos;
				SWIFT_ACTIVE_COMPILATION_CONDITIONS = DEBUG;
				SWIFT_OPTIMIZATION_LEVEL = "-Onone";
				SWIFT_VERSION = 5.0;
				TARGETED_DEVICE_FAMILY = "1,2";
				TEST_HOST = "$(BUILT_PRODUCTS_DIR)/Mobile Stage.app/Mobile Stage";
			};
			name = "Debug-Stage";
		};
		D80784A02444770F00003892 /* Debug-Production */ = {
			isa = XCBuildConfiguration;
			baseConfigurationReference = 420D5BD2923BF3733D93B967 /* Pods-MobileTests.debug-production.xcconfig */;
			buildSettings = {
				ALWAYS_SEARCH_USER_PATHS = NO;
				BUNDLE_LOADER = "$(TEST_HOST)";
				CLANG_ANALYZER_NONNULL = YES;
				CLANG_ANALYZER_NUMBER_OBJECT_CONVERSION = YES_AGGRESSIVE;
				CLANG_CXX_LANGUAGE_STANDARD = "gnu++14";
				CLANG_CXX_LIBRARY = "libc++";
				CLANG_ENABLE_MODULES = YES;
				CLANG_ENABLE_OBJC_ARC = YES;
				CLANG_ENABLE_OBJC_WEAK = YES;
				CLANG_WARN_BLOCK_CAPTURE_AUTORELEASING = YES;
				CLANG_WARN_BOOL_CONVERSION = YES;
				CLANG_WARN_COMMA = YES;
				CLANG_WARN_CONSTANT_CONVERSION = YES;
				CLANG_WARN_DEPRECATED_OBJC_IMPLEMENTATIONS = YES;
				CLANG_WARN_DIRECT_OBJC_ISA_USAGE = YES_ERROR;
				CLANG_WARN_DOCUMENTATION_COMMENTS = YES;
				CLANG_WARN_EMPTY_BODY = YES;
				CLANG_WARN_ENUM_CONVERSION = YES;
				CLANG_WARN_INFINITE_RECURSION = YES;
				CLANG_WARN_INT_CONVERSION = YES;
				CLANG_WARN_NON_LITERAL_NULL_CONVERSION = YES;
				CLANG_WARN_OBJC_IMPLICIT_RETAIN_SELF = YES;
				CLANG_WARN_OBJC_LITERAL_CONVERSION = YES;
				CLANG_WARN_OBJC_ROOT_CLASS = YES_ERROR;
				CLANG_WARN_RANGE_LOOP_ANALYSIS = YES;
				CLANG_WARN_STRICT_PROTOTYPES = YES;
				CLANG_WARN_SUSPICIOUS_MOVE = YES;
				CLANG_WARN_UNGUARDED_AVAILABILITY = YES_AGGRESSIVE;
				CLANG_WARN_UNREACHABLE_CODE = YES;
				CLANG_WARN__DUPLICATE_METHOD_MATCH = YES;
				CODE_SIGN_STYLE = Automatic;
				COPY_PHASE_STRIP = NO;
				DEBUG_INFORMATION_FORMAT = dwarf;
				DEVELOPMENT_TEAM = RDJN6C84H4;
				ENABLE_STRICT_OBJC_MSGSEND = YES;
				ENABLE_TESTABILITY = YES;
				GCC_C_LANGUAGE_STANDARD = gnu11;
				GCC_DYNAMIC_NO_PIC = NO;
				GCC_NO_COMMON_BLOCKS = YES;
				GCC_OPTIMIZATION_LEVEL = 0;
				GCC_PREPROCESSOR_DEFINITIONS = (
					"DEBUG=1",
					"$(inherited)",
				);
				GCC_WARN_64_TO_32_BIT_CONVERSION = YES;
				GCC_WARN_ABOUT_RETURN_TYPE = YES_ERROR;
				GCC_WARN_UNDECLARED_SELECTOR = YES;
				GCC_WARN_UNINITIALIZED_AUTOS = YES_AGGRESSIVE;
				GCC_WARN_UNUSED_FUNCTION = YES;
				GCC_WARN_UNUSED_VARIABLE = YES;
				INFOPLIST_FILE = MobileTests/Info.plist;
				IPHONEOS_DEPLOYMENT_TARGET = 13.4;
				LD_RUNPATH_SEARCH_PATHS = (
					"$(inherited)",
					"@executable_path/Frameworks",
					"@loader_path/Frameworks",
				);
				MTL_ENABLE_DEBUG_INFO = INCLUDE_SOURCE;
				MTL_FAST_MATH = YES;
				ONLY_ACTIVE_ARCH = YES;
				PRODUCT_BUNDLE_IDENTIFIER = com.adjarabet.MobileTests;
				PRODUCT_NAME = "$(TARGET_NAME)";
				SDKROOT = iphoneos;
				SWIFT_ACTIVE_COMPILATION_CONDITIONS = DEBUG;
				SWIFT_OPTIMIZATION_LEVEL = "-Onone";
				SWIFT_VERSION = 5.0;
				TARGETED_DEVICE_FAMILY = "1,2";
				TEST_HOST = "$(BUILT_PRODUCTS_DIR)/Mobile Stage.app/Mobile Stage";
			};
			name = "Debug-Production";
		};
		D80784A12444770F00003892 /* Release-Stage */ = {
			isa = XCBuildConfiguration;
			baseConfigurationReference = 0F2D25A01C077303D804AE49 /* Pods-MobileTests.release-stage.xcconfig */;
			buildSettings = {
				ALWAYS_SEARCH_USER_PATHS = NO;
				BUNDLE_LOADER = "$(TEST_HOST)";
				CLANG_ANALYZER_NONNULL = YES;
				CLANG_ANALYZER_NUMBER_OBJECT_CONVERSION = YES_AGGRESSIVE;
				CLANG_CXX_LANGUAGE_STANDARD = "gnu++14";
				CLANG_CXX_LIBRARY = "libc++";
				CLANG_ENABLE_MODULES = YES;
				CLANG_ENABLE_OBJC_ARC = YES;
				CLANG_ENABLE_OBJC_WEAK = YES;
				CLANG_WARN_BLOCK_CAPTURE_AUTORELEASING = YES;
				CLANG_WARN_BOOL_CONVERSION = YES;
				CLANG_WARN_COMMA = YES;
				CLANG_WARN_CONSTANT_CONVERSION = YES;
				CLANG_WARN_DEPRECATED_OBJC_IMPLEMENTATIONS = YES;
				CLANG_WARN_DIRECT_OBJC_ISA_USAGE = YES_ERROR;
				CLANG_WARN_DOCUMENTATION_COMMENTS = YES;
				CLANG_WARN_EMPTY_BODY = YES;
				CLANG_WARN_ENUM_CONVERSION = YES;
				CLANG_WARN_INFINITE_RECURSION = YES;
				CLANG_WARN_INT_CONVERSION = YES;
				CLANG_WARN_NON_LITERAL_NULL_CONVERSION = YES;
				CLANG_WARN_OBJC_IMPLICIT_RETAIN_SELF = YES;
				CLANG_WARN_OBJC_LITERAL_CONVERSION = YES;
				CLANG_WARN_OBJC_ROOT_CLASS = YES_ERROR;
				CLANG_WARN_RANGE_LOOP_ANALYSIS = YES;
				CLANG_WARN_STRICT_PROTOTYPES = YES;
				CLANG_WARN_SUSPICIOUS_MOVE = YES;
				CLANG_WARN_UNGUARDED_AVAILABILITY = YES_AGGRESSIVE;
				CLANG_WARN_UNREACHABLE_CODE = YES;
				CLANG_WARN__DUPLICATE_METHOD_MATCH = YES;
				CODE_SIGN_STYLE = Automatic;
				COPY_PHASE_STRIP = NO;
				DEBUG_INFORMATION_FORMAT = "dwarf-with-dsym";
				DEVELOPMENT_TEAM = RDJN6C84H4;
				ENABLE_NS_ASSERTIONS = NO;
				ENABLE_STRICT_OBJC_MSGSEND = YES;
				GCC_C_LANGUAGE_STANDARD = gnu11;
				GCC_NO_COMMON_BLOCKS = YES;
				GCC_WARN_64_TO_32_BIT_CONVERSION = YES;
				GCC_WARN_ABOUT_RETURN_TYPE = YES_ERROR;
				GCC_WARN_UNDECLARED_SELECTOR = YES;
				GCC_WARN_UNINITIALIZED_AUTOS = YES_AGGRESSIVE;
				GCC_WARN_UNUSED_FUNCTION = YES;
				GCC_WARN_UNUSED_VARIABLE = YES;
				INFOPLIST_FILE = MobileTests/Info.plist;
				IPHONEOS_DEPLOYMENT_TARGET = 13.4;
				LD_RUNPATH_SEARCH_PATHS = (
					"$(inherited)",
					"@executable_path/Frameworks",
					"@loader_path/Frameworks",
				);
				MTL_ENABLE_DEBUG_INFO = NO;
				MTL_FAST_MATH = YES;
				PRODUCT_BUNDLE_IDENTIFIER = com.adjarabet.MobileTests;
				PRODUCT_NAME = "$(TARGET_NAME)";
				SDKROOT = iphoneos;
				SWIFT_COMPILATION_MODE = wholemodule;
				SWIFT_OPTIMIZATION_LEVEL = "-O";
				SWIFT_VERSION = 5.0;
				TARGETED_DEVICE_FAMILY = "1,2";
				TEST_HOST = "$(BUILT_PRODUCTS_DIR)/Mobile Stage.app/Mobile Stage";
				VALIDATE_PRODUCT = YES;
			};
			name = "Release-Stage";
		};
		D80784A22444770F00003892 /* Release-Production */ = {
			isa = XCBuildConfiguration;
			baseConfigurationReference = 8B0B491F828D91425F70E799 /* Pods-MobileTests.release-production.xcconfig */;
			buildSettings = {
				ALWAYS_SEARCH_USER_PATHS = NO;
				BUNDLE_LOADER = "$(TEST_HOST)";
				CLANG_ANALYZER_NONNULL = YES;
				CLANG_ANALYZER_NUMBER_OBJECT_CONVERSION = YES_AGGRESSIVE;
				CLANG_CXX_LANGUAGE_STANDARD = "gnu++14";
				CLANG_CXX_LIBRARY = "libc++";
				CLANG_ENABLE_MODULES = YES;
				CLANG_ENABLE_OBJC_ARC = YES;
				CLANG_ENABLE_OBJC_WEAK = YES;
				CLANG_WARN_BLOCK_CAPTURE_AUTORELEASING = YES;
				CLANG_WARN_BOOL_CONVERSION = YES;
				CLANG_WARN_COMMA = YES;
				CLANG_WARN_CONSTANT_CONVERSION = YES;
				CLANG_WARN_DEPRECATED_OBJC_IMPLEMENTATIONS = YES;
				CLANG_WARN_DIRECT_OBJC_ISA_USAGE = YES_ERROR;
				CLANG_WARN_DOCUMENTATION_COMMENTS = YES;
				CLANG_WARN_EMPTY_BODY = YES;
				CLANG_WARN_ENUM_CONVERSION = YES;
				CLANG_WARN_INFINITE_RECURSION = YES;
				CLANG_WARN_INT_CONVERSION = YES;
				CLANG_WARN_NON_LITERAL_NULL_CONVERSION = YES;
				CLANG_WARN_OBJC_IMPLICIT_RETAIN_SELF = YES;
				CLANG_WARN_OBJC_LITERAL_CONVERSION = YES;
				CLANG_WARN_OBJC_ROOT_CLASS = YES_ERROR;
				CLANG_WARN_RANGE_LOOP_ANALYSIS = YES;
				CLANG_WARN_STRICT_PROTOTYPES = YES;
				CLANG_WARN_SUSPICIOUS_MOVE = YES;
				CLANG_WARN_UNGUARDED_AVAILABILITY = YES_AGGRESSIVE;
				CLANG_WARN_UNREACHABLE_CODE = YES;
				CLANG_WARN__DUPLICATE_METHOD_MATCH = YES;
				CODE_SIGN_STYLE = Automatic;
				COPY_PHASE_STRIP = NO;
				DEBUG_INFORMATION_FORMAT = "dwarf-with-dsym";
				DEVELOPMENT_TEAM = RDJN6C84H4;
				ENABLE_NS_ASSERTIONS = NO;
				ENABLE_STRICT_OBJC_MSGSEND = YES;
				GCC_C_LANGUAGE_STANDARD = gnu11;
				GCC_NO_COMMON_BLOCKS = YES;
				GCC_WARN_64_TO_32_BIT_CONVERSION = YES;
				GCC_WARN_ABOUT_RETURN_TYPE = YES_ERROR;
				GCC_WARN_UNDECLARED_SELECTOR = YES;
				GCC_WARN_UNINITIALIZED_AUTOS = YES_AGGRESSIVE;
				GCC_WARN_UNUSED_FUNCTION = YES;
				GCC_WARN_UNUSED_VARIABLE = YES;
				INFOPLIST_FILE = MobileTests/Info.plist;
				IPHONEOS_DEPLOYMENT_TARGET = 13.4;
				LD_RUNPATH_SEARCH_PATHS = (
					"$(inherited)",
					"@executable_path/Frameworks",
					"@loader_path/Frameworks",
				);
				MTL_ENABLE_DEBUG_INFO = NO;
				MTL_FAST_MATH = YES;
				PRODUCT_BUNDLE_IDENTIFIER = com.adjarabet.MobileTests;
				PRODUCT_NAME = "$(TARGET_NAME)";
				SDKROOT = iphoneos;
				SWIFT_COMPILATION_MODE = wholemodule;
				SWIFT_OPTIMIZATION_LEVEL = "-O";
				SWIFT_VERSION = 5.0;
				TARGETED_DEVICE_FAMILY = "1,2";
				TEST_HOST = "$(BUILT_PRODUCTS_DIR)/Mobile Stage.app/Mobile Stage";
				VALIDATE_PRODUCT = YES;
			};
			name = "Release-Production";
		};
		D8A47DDD24335B4C0077AA8E /* Debug-Stage */ = {
			isa = XCBuildConfiguration;
			buildSettings = {
				ALWAYS_SEARCH_USER_PATHS = NO;
				CLANG_ANALYZER_LOCALIZABILITY_NONLOCALIZED = YES;
				CLANG_ANALYZER_NONNULL = YES;
				CLANG_ANALYZER_NUMBER_OBJECT_CONVERSION = YES_AGGRESSIVE;
				CLANG_CXX_LANGUAGE_STANDARD = "gnu++14";
				CLANG_CXX_LIBRARY = "libc++";
				CLANG_ENABLE_MODULES = YES;
				CLANG_ENABLE_OBJC_ARC = YES;
				CLANG_ENABLE_OBJC_WEAK = YES;
				CLANG_WARN_BLOCK_CAPTURE_AUTORELEASING = YES;
				CLANG_WARN_BOOL_CONVERSION = YES;
				CLANG_WARN_COMMA = YES;
				CLANG_WARN_CONSTANT_CONVERSION = YES;
				CLANG_WARN_DEPRECATED_OBJC_IMPLEMENTATIONS = YES;
				CLANG_WARN_DIRECT_OBJC_ISA_USAGE = YES_ERROR;
				CLANG_WARN_DOCUMENTATION_COMMENTS = YES;
				CLANG_WARN_EMPTY_BODY = YES;
				CLANG_WARN_ENUM_CONVERSION = YES;
				CLANG_WARN_INFINITE_RECURSION = YES;
				CLANG_WARN_INT_CONVERSION = YES;
				CLANG_WARN_NON_LITERAL_NULL_CONVERSION = YES;
				CLANG_WARN_OBJC_IMPLICIT_RETAIN_SELF = YES;
				CLANG_WARN_OBJC_LITERAL_CONVERSION = YES;
				CLANG_WARN_OBJC_ROOT_CLASS = YES_ERROR;
				CLANG_WARN_RANGE_LOOP_ANALYSIS = YES;
				CLANG_WARN_STRICT_PROTOTYPES = YES;
				CLANG_WARN_SUSPICIOUS_MOVE = YES;
				CLANG_WARN_UNGUARDED_AVAILABILITY = YES_AGGRESSIVE;
				CLANG_WARN_UNREACHABLE_CODE = YES;
				CLANG_WARN__DUPLICATE_METHOD_MATCH = YES;
				COPY_PHASE_STRIP = NO;
				DEBUG_INFORMATION_FORMAT = dwarf;
				ENABLE_STRICT_OBJC_MSGSEND = YES;
				ENABLE_TESTABILITY = YES;
				GCC_C_LANGUAGE_STANDARD = gnu11;
				GCC_DYNAMIC_NO_PIC = NO;
				GCC_NO_COMMON_BLOCKS = YES;
				GCC_OPTIMIZATION_LEVEL = 0;
				GCC_PREPROCESSOR_DEFINITIONS = (
					"DEBUG=1",
					"$(inherited)",
				);
				GCC_WARN_64_TO_32_BIT_CONVERSION = YES;
				GCC_WARN_ABOUT_RETURN_TYPE = YES_ERROR;
				GCC_WARN_UNDECLARED_SELECTOR = YES;
				GCC_WARN_UNINITIALIZED_AUTOS = YES_AGGRESSIVE;
				GCC_WARN_UNUSED_FUNCTION = YES;
				GCC_WARN_UNUSED_VARIABLE = YES;
				IPHONEOS_DEPLOYMENT_TARGET = 13.4;
				MTL_ENABLE_DEBUG_INFO = INCLUDE_SOURCE;
				MTL_FAST_MATH = YES;
				ONLY_ACTIVE_ARCH = YES;
				SDKROOT = iphoneos;
				SWIFT_ACTIVE_COMPILATION_CONDITIONS = DEBUG;
				SWIFT_OPTIMIZATION_LEVEL = "-Onone";
			};
			name = "Debug-Stage";
		};
		D8A47DDE24335B4C0077AA8E /* Release-Stage */ = {
			isa = XCBuildConfiguration;
			buildSettings = {
				ALWAYS_SEARCH_USER_PATHS = NO;
				CLANG_ANALYZER_LOCALIZABILITY_NONLOCALIZED = YES;
				CLANG_ANALYZER_NONNULL = YES;
				CLANG_ANALYZER_NUMBER_OBJECT_CONVERSION = YES_AGGRESSIVE;
				CLANG_CXX_LANGUAGE_STANDARD = "gnu++14";
				CLANG_CXX_LIBRARY = "libc++";
				CLANG_ENABLE_MODULES = YES;
				CLANG_ENABLE_OBJC_ARC = YES;
				CLANG_ENABLE_OBJC_WEAK = YES;
				CLANG_WARN_BLOCK_CAPTURE_AUTORELEASING = YES;
				CLANG_WARN_BOOL_CONVERSION = YES;
				CLANG_WARN_COMMA = YES;
				CLANG_WARN_CONSTANT_CONVERSION = YES;
				CLANG_WARN_DEPRECATED_OBJC_IMPLEMENTATIONS = YES;
				CLANG_WARN_DIRECT_OBJC_ISA_USAGE = YES_ERROR;
				CLANG_WARN_DOCUMENTATION_COMMENTS = YES;
				CLANG_WARN_EMPTY_BODY = YES;
				CLANG_WARN_ENUM_CONVERSION = YES;
				CLANG_WARN_INFINITE_RECURSION = YES;
				CLANG_WARN_INT_CONVERSION = YES;
				CLANG_WARN_NON_LITERAL_NULL_CONVERSION = YES;
				CLANG_WARN_OBJC_IMPLICIT_RETAIN_SELF = YES;
				CLANG_WARN_OBJC_LITERAL_CONVERSION = YES;
				CLANG_WARN_OBJC_ROOT_CLASS = YES_ERROR;
				CLANG_WARN_RANGE_LOOP_ANALYSIS = YES;
				CLANG_WARN_STRICT_PROTOTYPES = YES;
				CLANG_WARN_SUSPICIOUS_MOVE = YES;
				CLANG_WARN_UNGUARDED_AVAILABILITY = YES_AGGRESSIVE;
				CLANG_WARN_UNREACHABLE_CODE = YES;
				CLANG_WARN__DUPLICATE_METHOD_MATCH = YES;
				COPY_PHASE_STRIP = NO;
				DEBUG_INFORMATION_FORMAT = "dwarf-with-dsym";
				ENABLE_NS_ASSERTIONS = NO;
				ENABLE_STRICT_OBJC_MSGSEND = YES;
				GCC_C_LANGUAGE_STANDARD = gnu11;
				GCC_NO_COMMON_BLOCKS = YES;
				GCC_WARN_64_TO_32_BIT_CONVERSION = YES;
				GCC_WARN_ABOUT_RETURN_TYPE = YES_ERROR;
				GCC_WARN_UNDECLARED_SELECTOR = YES;
				GCC_WARN_UNINITIALIZED_AUTOS = YES_AGGRESSIVE;
				GCC_WARN_UNUSED_FUNCTION = YES;
				GCC_WARN_UNUSED_VARIABLE = YES;
				IPHONEOS_DEPLOYMENT_TARGET = 13.4;
				MTL_ENABLE_DEBUG_INFO = NO;
				MTL_FAST_MATH = YES;
				SDKROOT = iphoneos;
				SWIFT_COMPILATION_MODE = wholemodule;
				SWIFT_OPTIMIZATION_LEVEL = "-O";
				VALIDATE_PRODUCT = YES;
			};
			name = "Release-Stage";
		};
		D8A47DE024335B4C0077AA8E /* Debug-Stage */ = {
			isa = XCBuildConfiguration;
			baseConfigurationReference = 1DC8A4457FEC86A0D27D9864 /* Pods-Mobile.debug-stage.xcconfig */;
			buildSettings = {
				ASSETCATALOG_COMPILER_APPICON_NAME = AppIconStage;
				CLANG_ENABLE_MODULES = YES;
				CODE_SIGN_ENTITLEMENTS = Mobile/Mobile.entitlements;
				CODE_SIGN_STYLE = Automatic;
				CORE_API_URL = "https://coreapi.adjarabet-stage.com/WebsiteService";
				CURRENT_PROJECT_VERSION = 22;
				DEVELOPMENT_TEAM = RDJN6C84H4;
				INFOPLIST_FILE = Mobile/App/Resources/Info.plist;
				IPHONEOS_DEPLOYMENT_TARGET = 13.0;
				LD_RUNPATH_SEARCH_PATHS = (
					"$(inherited)",
					"@executable_path/Frameworks",
				);
				MTL_ENABLE_DEBUG_INFO = "";
				PRODUCT_BUNDLE_IDENTIFIER = com.adjarabet.Mobile;
				PRODUCT_MODULE_NAME = Mobile;
				PRODUCT_NAME = "Mobile Stage";
				SWIFT_OBJC_BRIDGING_HEADER = "Mobile/App/Resources/Mobile-Bridging-Header.h";
				SWIFT_OPTIMIZATION_LEVEL = "-Onone";
				SWIFT_VERSION = 5.0;
				TARGETED_DEVICE_FAMILY = 1;
				VERSIONING_SYSTEM = "apple-generic";
			};
			name = "Debug-Stage";
		};
		D8A47DE124335B4C0077AA8E /* Release-Stage */ = {
			isa = XCBuildConfiguration;
			baseConfigurationReference = BC382ED931DD96B48C62AD1D /* Pods-Mobile.release-stage.xcconfig */;
			buildSettings = {
				ASSETCATALOG_COMPILER_APPICON_NAME = AppIconStage;
				CLANG_ENABLE_MODULES = YES;
				CODE_SIGN_ENTITLEMENTS = Mobile/Mobile.entitlements;
				CODE_SIGN_STYLE = Automatic;
				CORE_API_URL = "https://coreapi.adjarabet-stage.com/WebsiteService";
				CURRENT_PROJECT_VERSION = 22;
				DEVELOPMENT_TEAM = RDJN6C84H4;
				INFOPLIST_FILE = Mobile/App/Resources/Info.plist;
				IPHONEOS_DEPLOYMENT_TARGET = 13.0;
				LD_RUNPATH_SEARCH_PATHS = (
					"$(inherited)",
					"@executable_path/Frameworks",
				);
				MTL_ENABLE_DEBUG_INFO = "";
				PRODUCT_BUNDLE_IDENTIFIER = com.adjarabet.Mobile;
				PRODUCT_MODULE_NAME = Mobile;
				PRODUCT_NAME = "Mobile Stage";
				SWIFT_OBJC_BRIDGING_HEADER = "Mobile/App/Resources/Mobile-Bridging-Header.h";
				SWIFT_VERSION = 5.0;
				TARGETED_DEVICE_FAMILY = 1;
				VERSIONING_SYSTEM = "apple-generic";
			};
			name = "Release-Stage";
		};
		D8A47DE224335C2E0077AA8E /* Debug-Production */ = {
			isa = XCBuildConfiguration;
			buildSettings = {
				ALWAYS_SEARCH_USER_PATHS = NO;
				CLANG_ANALYZER_LOCALIZABILITY_NONLOCALIZED = YES;
				CLANG_ANALYZER_NONNULL = YES;
				CLANG_ANALYZER_NUMBER_OBJECT_CONVERSION = YES_AGGRESSIVE;
				CLANG_CXX_LANGUAGE_STANDARD = "gnu++14";
				CLANG_CXX_LIBRARY = "libc++";
				CLANG_ENABLE_MODULES = YES;
				CLANG_ENABLE_OBJC_ARC = YES;
				CLANG_ENABLE_OBJC_WEAK = YES;
				CLANG_WARN_BLOCK_CAPTURE_AUTORELEASING = YES;
				CLANG_WARN_BOOL_CONVERSION = YES;
				CLANG_WARN_COMMA = YES;
				CLANG_WARN_CONSTANT_CONVERSION = YES;
				CLANG_WARN_DEPRECATED_OBJC_IMPLEMENTATIONS = YES;
				CLANG_WARN_DIRECT_OBJC_ISA_USAGE = YES_ERROR;
				CLANG_WARN_DOCUMENTATION_COMMENTS = YES;
				CLANG_WARN_EMPTY_BODY = YES;
				CLANG_WARN_ENUM_CONVERSION = YES;
				CLANG_WARN_INFINITE_RECURSION = YES;
				CLANG_WARN_INT_CONVERSION = YES;
				CLANG_WARN_NON_LITERAL_NULL_CONVERSION = YES;
				CLANG_WARN_OBJC_IMPLICIT_RETAIN_SELF = YES;
				CLANG_WARN_OBJC_LITERAL_CONVERSION = YES;
				CLANG_WARN_OBJC_ROOT_CLASS = YES_ERROR;
				CLANG_WARN_RANGE_LOOP_ANALYSIS = YES;
				CLANG_WARN_STRICT_PROTOTYPES = YES;
				CLANG_WARN_SUSPICIOUS_MOVE = YES;
				CLANG_WARN_UNGUARDED_AVAILABILITY = YES_AGGRESSIVE;
				CLANG_WARN_UNREACHABLE_CODE = YES;
				CLANG_WARN__DUPLICATE_METHOD_MATCH = YES;
				COPY_PHASE_STRIP = NO;
				DEBUG_INFORMATION_FORMAT = dwarf;
				ENABLE_STRICT_OBJC_MSGSEND = YES;
				ENABLE_TESTABILITY = YES;
				GCC_C_LANGUAGE_STANDARD = gnu11;
				GCC_DYNAMIC_NO_PIC = NO;
				GCC_NO_COMMON_BLOCKS = YES;
				GCC_OPTIMIZATION_LEVEL = 0;
				GCC_PREPROCESSOR_DEFINITIONS = (
					"DEBUG=1",
					"$(inherited)",
				);
				GCC_WARN_64_TO_32_BIT_CONVERSION = YES;
				GCC_WARN_ABOUT_RETURN_TYPE = YES_ERROR;
				GCC_WARN_UNDECLARED_SELECTOR = YES;
				GCC_WARN_UNINITIALIZED_AUTOS = YES_AGGRESSIVE;
				GCC_WARN_UNUSED_FUNCTION = YES;
				GCC_WARN_UNUSED_VARIABLE = YES;
				IPHONEOS_DEPLOYMENT_TARGET = 13.4;
				MTL_ENABLE_DEBUG_INFO = INCLUDE_SOURCE;
				MTL_FAST_MATH = YES;
				ONLY_ACTIVE_ARCH = YES;
				SDKROOT = iphoneos;
				SWIFT_ACTIVE_COMPILATION_CONDITIONS = DEBUG;
				SWIFT_OPTIMIZATION_LEVEL = "-Onone";
			};
			name = "Debug-Production";
		};
		D8A47DE324335C2E0077AA8E /* Debug-Production */ = {
			isa = XCBuildConfiguration;
			baseConfigurationReference = FDFC63146B84761D3EA657AA /* Pods-Mobile.debug-production.xcconfig */;
			buildSettings = {
				ASSETCATALOG_COMPILER_APPICON_NAME = AppIcon;
				CLANG_ENABLE_MODULES = YES;
				CODE_SIGN_ENTITLEMENTS = Mobile/Mobile.entitlements;
				CODE_SIGN_STYLE = Automatic;
				CORE_API_URL = "https://coreapi.adjarabet.com/WebsiteService";
				CURRENT_PROJECT_VERSION = 22;
				DEVELOPMENT_TEAM = RDJN6C84H4;
				INFOPLIST_FILE = Mobile/App/Resources/Info.plist;
				IPHONEOS_DEPLOYMENT_TARGET = 13.0;
				LD_RUNPATH_SEARCH_PATHS = (
					"$(inherited)",
					"@executable_path/Frameworks",
				);
				MTL_ENABLE_DEBUG_INFO = "";
				PRODUCT_BUNDLE_IDENTIFIER = com.adjarabet.Mobile;
				PRODUCT_MODULE_NAME = Mobile;
				PRODUCT_NAME = Mobile;
				SWIFT_OBJC_BRIDGING_HEADER = "Mobile/App/Resources/Mobile-Bridging-Header.h";
				SWIFT_OPTIMIZATION_LEVEL = "-Onone";
				SWIFT_VERSION = 5.0;
				TARGETED_DEVICE_FAMILY = 1;
				VERSIONING_SYSTEM = "apple-generic";
			};
			name = "Debug-Production";
		};
		D8A47DE424335C3D0077AA8E /* Release-Production */ = {
			isa = XCBuildConfiguration;
			buildSettings = {
				ALWAYS_SEARCH_USER_PATHS = NO;
				CLANG_ANALYZER_LOCALIZABILITY_NONLOCALIZED = YES;
				CLANG_ANALYZER_NONNULL = YES;
				CLANG_ANALYZER_NUMBER_OBJECT_CONVERSION = YES_AGGRESSIVE;
				CLANG_CXX_LANGUAGE_STANDARD = "gnu++14";
				CLANG_CXX_LIBRARY = "libc++";
				CLANG_ENABLE_MODULES = YES;
				CLANG_ENABLE_OBJC_ARC = YES;
				CLANG_ENABLE_OBJC_WEAK = YES;
				CLANG_WARN_BLOCK_CAPTURE_AUTORELEASING = YES;
				CLANG_WARN_BOOL_CONVERSION = YES;
				CLANG_WARN_COMMA = YES;
				CLANG_WARN_CONSTANT_CONVERSION = YES;
				CLANG_WARN_DEPRECATED_OBJC_IMPLEMENTATIONS = YES;
				CLANG_WARN_DIRECT_OBJC_ISA_USAGE = YES_ERROR;
				CLANG_WARN_DOCUMENTATION_COMMENTS = YES;
				CLANG_WARN_EMPTY_BODY = YES;
				CLANG_WARN_ENUM_CONVERSION = YES;
				CLANG_WARN_INFINITE_RECURSION = YES;
				CLANG_WARN_INT_CONVERSION = YES;
				CLANG_WARN_NON_LITERAL_NULL_CONVERSION = YES;
				CLANG_WARN_OBJC_IMPLICIT_RETAIN_SELF = YES;
				CLANG_WARN_OBJC_LITERAL_CONVERSION = YES;
				CLANG_WARN_OBJC_ROOT_CLASS = YES_ERROR;
				CLANG_WARN_RANGE_LOOP_ANALYSIS = YES;
				CLANG_WARN_STRICT_PROTOTYPES = YES;
				CLANG_WARN_SUSPICIOUS_MOVE = YES;
				CLANG_WARN_UNGUARDED_AVAILABILITY = YES_AGGRESSIVE;
				CLANG_WARN_UNREACHABLE_CODE = YES;
				CLANG_WARN__DUPLICATE_METHOD_MATCH = YES;
				COPY_PHASE_STRIP = NO;
				DEBUG_INFORMATION_FORMAT = "dwarf-with-dsym";
				ENABLE_NS_ASSERTIONS = NO;
				ENABLE_STRICT_OBJC_MSGSEND = YES;
				GCC_C_LANGUAGE_STANDARD = gnu11;
				GCC_NO_COMMON_BLOCKS = YES;
				GCC_WARN_64_TO_32_BIT_CONVERSION = YES;
				GCC_WARN_ABOUT_RETURN_TYPE = YES_ERROR;
				GCC_WARN_UNDECLARED_SELECTOR = YES;
				GCC_WARN_UNINITIALIZED_AUTOS = YES_AGGRESSIVE;
				GCC_WARN_UNUSED_FUNCTION = YES;
				GCC_WARN_UNUSED_VARIABLE = YES;
				IPHONEOS_DEPLOYMENT_TARGET = 13.4;
				MTL_ENABLE_DEBUG_INFO = NO;
				MTL_FAST_MATH = YES;
				SDKROOT = iphoneos;
				SWIFT_COMPILATION_MODE = wholemodule;
				SWIFT_OPTIMIZATION_LEVEL = "-O";
				VALIDATE_PRODUCT = YES;
			};
			name = "Release-Production";
		};
		D8A47DE524335C3D0077AA8E /* Release-Production */ = {
			isa = XCBuildConfiguration;
			baseConfigurationReference = FC646B72A19D44DAF6585C2D /* Pods-Mobile.release-production.xcconfig */;
			buildSettings = {
				ASSETCATALOG_COMPILER_APPICON_NAME = AppIcon;
				CLANG_ENABLE_MODULES = YES;
				CODE_SIGN_ENTITLEMENTS = Mobile/Mobile.entitlements;
				CODE_SIGN_STYLE = Automatic;
				CORE_API_URL = "https://coreapi.adjarabet.com/WebsiteService";
				CURRENT_PROJECT_VERSION = 22;
				DEVELOPMENT_TEAM = RDJN6C84H4;
				INFOPLIST_FILE = Mobile/App/Resources/Info.plist;
				IPHONEOS_DEPLOYMENT_TARGET = 13.0;
				LD_RUNPATH_SEARCH_PATHS = (
					"$(inherited)",
					"@executable_path/Frameworks",
				);
				MTL_ENABLE_DEBUG_INFO = "";
				PRODUCT_BUNDLE_IDENTIFIER = com.adjarabet.Mobile;
				PRODUCT_MODULE_NAME = Mobile;
				PRODUCT_NAME = Mobile;
				SWIFT_OBJC_BRIDGING_HEADER = "Mobile/App/Resources/Mobile-Bridging-Header.h";
				SWIFT_VERSION = 5.0;
				TARGETED_DEVICE_FAMILY = 1;
				VERSIONING_SYSTEM = "apple-generic";
			};
			name = "Release-Production";
		};
/* End XCBuildConfiguration section */

/* Begin XCConfigurationList section */
		D807849E2444770F00003892 /* Build configuration list for PBXNativeTarget "MobileTests" */ = {
			isa = XCConfigurationList;
			buildConfigurations = (
				D807849F2444770F00003892 /* Debug-Stage */,
				D80784A02444770F00003892 /* Debug-Production */,
				D80784A12444770F00003892 /* Release-Stage */,
				D80784A22444770F00003892 /* Release-Production */,
			);
			defaultConfigurationIsVisible = 0;
			defaultConfigurationName = "Release-Production";
		};
		D8A47DC624335B4B0077AA8E /* Build configuration list for PBXProject "Mobile" */ = {
			isa = XCConfigurationList;
			buildConfigurations = (
				D8A47DDD24335B4C0077AA8E /* Debug-Stage */,
				D8A47DE224335C2E0077AA8E /* Debug-Production */,
				D8A47DDE24335B4C0077AA8E /* Release-Stage */,
				D8A47DE424335C3D0077AA8E /* Release-Production */,
			);
			defaultConfigurationIsVisible = 0;
			defaultConfigurationName = "Release-Production";
		};
		D8A47DDF24335B4C0077AA8E /* Build configuration list for PBXNativeTarget "Mobile" */ = {
			isa = XCConfigurationList;
			buildConfigurations = (
				D8A47DE024335B4C0077AA8E /* Debug-Stage */,
				D8A47DE324335C2E0077AA8E /* Debug-Production */,
				D8A47DE124335B4C0077AA8E /* Release-Stage */,
				D8A47DE524335C3D0077AA8E /* Release-Production */,
			);
			defaultConfigurationIsVisible = 0;
			defaultConfigurationName = "Release-Production";
		};
/* End XCConfigurationList section */
	};
	rootObject = D8A47DC324335B4B0077AA8E /* Project object */;
}
